// !$*UTF8*$!
{
	archiveVersion = 1;
	classes = {
	};
	objectVersion = 46;
	objects = {

/* Begin PBXBuildFile section */
		86998DD75FE2DBF06D8CDDEA /* libPods-RCTACPPlacesMonitor.a in Frameworks */ = {isa = PBXBuildFile; fileRef = 46998FB9B97C615AA7EFB930 /* libPods-RCTACPPlacesMonitor.a */; };
		9282E8E32490995300C77F5A /* libACPPlacesMonitor_iOS.a in Frameworks */ = {isa = PBXBuildFile; fileRef = 9282E8E22490995300C77F5A /* libACPPlacesMonitor_iOS.a */; };
		9282E8E42490999100C77F5A /* ACPPlacesMonitor.h in CopyFiles */ = {isa = PBXBuildFile; fileRef = 9282E8E12490995300C77F5A /* ACPPlacesMonitor.h */; };
		9282E8E7249099CA00C77F5A /* RCTACPPlacesMonitor.m in Sources */ = {isa = PBXBuildFile; fileRef = 9282E8E5249099CA00C77F5A /* RCTACPPlacesMonitor.m */; };
		9282E8EA249099EE00C77F5A /* RCTACPPlacesMonitorDataBridge.m in Sources */ = {isa = PBXBuildFile; fileRef = 9282E8E9249099EE00C77F5A /* RCTACPPlacesMonitorDataBridge.m */; };
/* End PBXBuildFile section */

/* Begin PBXCopyFilesBuildPhase section */
		58B511D91A9E6C8500147676 /* CopyFiles */ = {
			isa = PBXCopyFilesBuildPhase;
			buildActionMask = 2147483647;
			dstPath = "include/$(PRODUCT_NAME)";
			dstSubfolderSpec = 16;
			files = (
				9282E8E42490999100C77F5A /* ACPPlacesMonitor.h in CopyFiles */,
			);
			runOnlyForDeploymentPostprocessing = 0;
		};
/* End PBXCopyFilesBuildPhase section */

/* Begin PBXFileReference section */
		134814201AA4EA6300B7C361 /* libRCTACPPlacesMonitor.a */ = {isa = PBXFileReference; explicitFileType = archive.ar; includeInIndex = 0; path = libRCTACPPlacesMonitor.a; sourceTree = BUILT_PRODUCTS_DIR; };
		46998FB9B97C615AA7EFB930 /* libPods-RCTACPPlacesMonitor.a */ = {isa = PBXFileReference; explicitFileType = archive.ar; includeInIndex = 0; path = "libPods-RCTACPPlacesMonitor.a"; sourceTree = BUILT_PRODUCTS_DIR; };
		50355BD89018CC7C327103BE /* Pods-RCTACPPlacesMonitor.debug.xcconfig */ = {isa = PBXFileReference; includeInIndex = 1; lastKnownFileType = text.xcconfig; name = "Pods-RCTACPPlacesMonitor.debug.xcconfig"; path = "Target Support Files/Pods-RCTACPPlacesMonitor/Pods-RCTACPPlacesMonitor.debug.xcconfig"; sourceTree = "<group>"; };
		9282E8E12490995300C77F5A /* ACPPlacesMonitor.h */ = {isa = PBXFileReference; fileEncoding = 4; lastKnownFileType = sourcecode.c.h; path = ACPPlacesMonitor.h; sourceTree = "<group>"; };
		9282E8E22490995300C77F5A /* libACPPlacesMonitor_iOS.a */ = {isa = PBXFileReference; lastKnownFileType = archive.ar; path = libACPPlacesMonitor_iOS.a; sourceTree = "<group>"; };
		9282E8E5249099CA00C77F5A /* RCTACPPlacesMonitor.m */ = {isa = PBXFileReference; fileEncoding = 4; lastKnownFileType = sourcecode.c.objc; name = RCTACPPlacesMonitor.m; path = src/RCTACPPlacesMonitor.m; sourceTree = "<group>"; };
		9282E8E6249099CA00C77F5A /* RCTACPPlacesMonitor.h */ = {isa = PBXFileReference; fileEncoding = 4; lastKnownFileType = sourcecode.c.h; name = RCTACPPlacesMonitor.h; path = src/RCTACPPlacesMonitor.h; sourceTree = "<group>"; };
		9282E8E8249099EE00C77F5A /* RCTACPPlacesMonitorDataBridge.h */ = {isa = PBXFileReference; fileEncoding = 4; lastKnownFileType = sourcecode.c.h; name = RCTACPPlacesMonitorDataBridge.h; path = src/RCTACPPlacesMonitorDataBridge.h; sourceTree = "<group>"; };
		9282E8E9249099EE00C77F5A /* RCTACPPlacesMonitorDataBridge.m */ = {isa = PBXFileReference; fileEncoding = 4; lastKnownFileType = sourcecode.c.objc; name = RCTACPPlacesMonitorDataBridge.m; path = src/RCTACPPlacesMonitorDataBridge.m; sourceTree = "<group>"; };
		E10D2BBA32C2B9D5CAE87E3B /* Pods-RCTACPPlacesMonitor.release.xcconfig */ = {isa = PBXFileReference; includeInIndex = 1; lastKnownFileType = text.xcconfig; name = "Pods-RCTACPPlacesMonitor.release.xcconfig"; path = "Target Support Files/Pods-RCTACPPlacesMonitor/Pods-RCTACPPlacesMonitor.release.xcconfig"; sourceTree = "<group>"; };
/* End PBXFileReference section */

/* Begin PBXFrameworksBuildPhase section */
		58B511D81A9E6C8500147676 /* Frameworks */ = {
			isa = PBXFrameworksBuildPhase;
			buildActionMask = 2147483647;
			files = (
				9282E8E32490995300C77F5A /* libACPPlacesMonitor_iOS.a in Frameworks */,
				86998DD75FE2DBF06D8CDDEA /* libPods-RCTACPPlacesMonitor.a in Frameworks */,
			);
			runOnlyForDeploymentPostprocessing = 0;
		};
/* End PBXFrameworksBuildPhase section */

/* Begin PBXGroup section */
		00764563BBA66FB08B555F0C /* Frameworks */ = {
			isa = PBXGroup;
			children = (
				46998FB9B97C615AA7EFB930 /* libPods-RCTACPPlacesMonitor.a */,
			);
			name = Frameworks;
			sourceTree = "<group>";
		};
		134814211AA4EA7D00B7C361 /* Products */ = {
			isa = PBXGroup;
			children = (
				134814201AA4EA6300B7C361 /* libRCTACPPlacesMonitor.a */,
			);
			name = Products;
			sourceTree = "<group>";
		};
		19D5AB78C3AD43D05E21D883 /* Pods */ = {
			isa = PBXGroup;
			children = (
				50355BD89018CC7C327103BE /* Pods-RCTACPPlacesMonitor.debug.xcconfig */,
				E10D2BBA32C2B9D5CAE87E3B /* Pods-RCTACPPlacesMonitor.release.xcconfig */,
			);
			name = Pods;
			path = Pods;
			sourceTree = "<group>";
		};
		58B511D21A9E6C8500147676 = {
			isa = PBXGroup;
			children = (
				9282E8E8249099EE00C77F5A /* RCTACPPlacesMonitorDataBridge.h */,
				9282E8E9249099EE00C77F5A /* RCTACPPlacesMonitorDataBridge.m */,
				9282E8E6249099CA00C77F5A /* RCTACPPlacesMonitor.h */,
				9282E8E5249099CA00C77F5A /* RCTACPPlacesMonitor.m */,
				9282E8DF2490995300C77F5A /* libs */,
				134814211AA4EA7D00B7C361 /* Products */,
				19D5AB78C3AD43D05E21D883 /* Pods */,
				00764563BBA66FB08B555F0C /* Frameworks */,
			);
			sourceTree = "<group>";
		};
		9282E8DF2490995300C77F5A /* libs */ = {
			isa = PBXGroup;
			children = (
				9282E8E02490995300C77F5A /* include */,
				9282E8E22490995300C77F5A /* libACPPlacesMonitor_iOS.a */,
			);
			path = libs;
			sourceTree = "<group>";
		};
		9282E8E02490995300C77F5A /* include */ = {
			isa = PBXGroup;
			children = (
				9282E8E12490995300C77F5A /* ACPPlacesMonitor.h */,
			);
			path = include;
			sourceTree = "<group>";
		};
/* End PBXGroup section */

/* Begin PBXNativeTarget section */
		58B511DA1A9E6C8500147676 /* RCTACPPlacesMonitor */ = {
			isa = PBXNativeTarget;
			buildConfigurationList = 58B511EF1A9E6C8500147676 /* Build configuration list for PBXNativeTarget "RCTACPPlacesMonitor" */;
			buildPhases = (
				EB5CFFDB4C29CF5067B89071 /* [CP] Check Pods Manifest.lock */,
				58B511D71A9E6C8500147676 /* Sources */,
				58B511D81A9E6C8500147676 /* Frameworks */,
				58B511D91A9E6C8500147676 /* CopyFiles */,
			);
			buildRules = (
			);
			dependencies = (
			);
			name = RCTACPPlacesMonitor;
			productName = RCTDataManager;
			productReference = 134814201AA4EA6300B7C361 /* libRCTACPPlacesMonitor.a */;
			productType = "com.apple.product-type.library.static";
		};
/* End PBXNativeTarget section */

/* Begin PBXProject section */
		58B511D31A9E6C8500147676 /* Project object */ = {
			isa = PBXProject;
			attributes = {
				LastUpgradeCheck = 0830;
				ORGANIZATIONNAME = Facebook;
				TargetAttributes = {
					58B511DA1A9E6C8500147676 = {
						CreatedOnToolsVersion = 6.1.1;
					};
				};
			};
			buildConfigurationList = 58B511D61A9E6C8500147676 /* Build configuration list for PBXProject "RCTACPPlacesMonitor" */;
			compatibilityVersion = "Xcode 3.2";
			developmentRegion = English;
			hasScannedForEncodings = 0;
			knownRegions = (
				English,
				en,
			);
			mainGroup = 58B511D21A9E6C8500147676;
			productRefGroup = 58B511D21A9E6C8500147676;
			projectDirPath = "";
			projectRoot = "";
			targets = (
				58B511DA1A9E6C8500147676 /* RCTACPPlacesMonitor */,
			);
		};
/* End PBXProject section */

/* Begin PBXShellScriptBuildPhase section */
		EB5CFFDB4C29CF5067B89071 /* [CP] Check Pods Manifest.lock */ = {
			isa = PBXShellScriptBuildPhase;
			buildActionMask = 2147483647;
			files = (
			);
			inputFileListPaths = (
			);
			inputPaths = (
				"${PODS_PODFILE_DIR_PATH}/Podfile.lock",
				"${PODS_ROOT}/Manifest.lock",
			);
			name = "[CP] Check Pods Manifest.lock";
			outputFileListPaths = (
			);
			outputPaths = (
				"$(DERIVED_FILE_DIR)/Pods-RCTACPPlacesMonitor-checkManifestLockResult.txt",
			);
			runOnlyForDeploymentPostprocessing = 0;
			shellPath = /bin/sh;
			shellScript = "diff \"${PODS_PODFILE_DIR_PATH}/Podfile.lock\" \"${PODS_ROOT}/Manifest.lock\" > /dev/null\nif [ $? != 0 ] ; then\n    # print error to STDERR\n    echo \"error: The sandbox is not in sync with the Podfile.lock. Run 'pod install' or update your CocoaPods installation.\" >&2\n    exit 1\nfi\n# This output is used by Xcode 'outputs' to avoid re-running this script phase.\necho \"SUCCESS\" > \"${SCRIPT_OUTPUT_FILE_0}\"\n";
			showEnvVarsInLog = 0;
		};
/* End PBXShellScriptBuildPhase section */

/* Begin PBXSourcesBuildPhase section */
		58B511D71A9E6C8500147676 /* Sources */ = {
			isa = PBXSourcesBuildPhase;
			buildActionMask = 2147483647;
			files = (
				9282E8E7249099CA00C77F5A /* RCTACPPlacesMonitor.m in Sources */,
				9282E8EA249099EE00C77F5A /* RCTACPPlacesMonitorDataBridge.m in Sources */,
			);
			runOnlyForDeploymentPostprocessing = 0;
		};
/* End PBXSourcesBuildPhase section */

/* Begin XCBuildConfiguration section */
		58B511ED1A9E6C8500147676 /* Debug */ = {
			isa = XCBuildConfiguration;
			buildSettings = {
				ALWAYS_SEARCH_USER_PATHS = NO;
				CLANG_CXX_LANGUAGE_STANDARD = "gnu++0x";
				CLANG_CXX_LIBRARY = "libc++";
				CLANG_ENABLE_MODULES = YES;
				CLANG_ENABLE_OBJC_ARC = YES;
				CLANG_WARN_BOOL_CONVERSION = YES;
				CLANG_WARN_CONSTANT_CONVERSION = YES;
				CLANG_WARN_DIRECT_OBJC_ISA_USAGE = YES_ERROR;
				CLANG_WARN_EMPTY_BODY = YES;
				CLANG_WARN_ENUM_CONVERSION = YES;
				CLANG_WARN_INFINITE_RECURSION = YES;
				CLANG_WARN_INT_CONVERSION = YES;
				CLANG_WARN_OBJC_ROOT_CLASS = YES_ERROR;
				CLANG_WARN_SUSPICIOUS_MOVE = YES;
				CLANG_WARN_UNREACHABLE_CODE = YES;
				CLANG_WARN__DUPLICATE_METHOD_MATCH = YES;
				COPY_PHASE_STRIP = NO;
				ENABLE_STRICT_OBJC_MSGSEND = YES;
				ENABLE_TESTABILITY = YES;
				GCC_C_LANGUAGE_STANDARD = gnu99;
				GCC_DYNAMIC_NO_PIC = NO;
				GCC_NO_COMMON_BLOCKS = YES;
				GCC_OPTIMIZATION_LEVEL = 0;
				GCC_PREPROCESSOR_DEFINITIONS = (
					"DEBUG=1",
					"$(inherited)",
				);
				GCC_SYMBOLS_PRIVATE_EXTERN = NO;
				GCC_WARN_64_TO_32_BIT_CONVERSION = YES;
				GCC_WARN_ABOUT_RETURN_TYPE = YES_ERROR;
				GCC_WARN_UNDECLARED_SELECTOR = YES;
				GCC_WARN_UNINITIALIZED_AUTOS = YES_AGGRESSIVE;
				GCC_WARN_UNUSED_FUNCTION = YES;
				GCC_WARN_UNUSED_VARIABLE = YES;
				IPHONEOS_DEPLOYMENT_TARGET = 10.0;
				MTL_ENABLE_DEBUG_INFO = YES;
				ONLY_ACTIVE_ARCH = YES;
				SDKROOT = iphoneos;
			};
			name = Debug;
		};
		58B511EE1A9E6C8500147676 /* Release */ = {
			isa = XCBuildConfiguration;
			buildSettings = {
				ALWAYS_SEARCH_USER_PATHS = NO;
				CLANG_CXX_LANGUAGE_STANDARD = "gnu++0x";
				CLANG_CXX_LIBRARY = "libc++";
				CLANG_ENABLE_MODULES = YES;
				CLANG_ENABLE_OBJC_ARC = YES;
				CLANG_WARN_BOOL_CONVERSION = YES;
				CLANG_WARN_CONSTANT_CONVERSION = YES;
				CLANG_WARN_DIRECT_OBJC_ISA_USAGE = YES_ERROR;
				CLANG_WARN_EMPTY_BODY = YES;
				CLANG_WARN_ENUM_CONVERSION = YES;
				CLANG_WARN_INFINITE_RECURSION = YES;
				CLANG_WARN_INT_CONVERSION = YES;
				CLANG_WARN_OBJC_ROOT_CLASS = YES_ERROR;
				CLANG_WARN_SUSPICIOUS_MOVE = YES;
				CLANG_WARN_UNREACHABLE_CODE = YES;
				CLANG_WARN__DUPLICATE_METHOD_MATCH = YES;
				COPY_PHASE_STRIP = YES;
				ENABLE_NS_ASSERTIONS = NO;
				ENABLE_STRICT_OBJC_MSGSEND = YES;
				GCC_C_LANGUAGE_STANDARD = gnu99;
				GCC_NO_COMMON_BLOCKS = YES;
				GCC_WARN_64_TO_32_BIT_CONVERSION = YES;
				GCC_WARN_ABOUT_RETURN_TYPE = YES_ERROR;
				GCC_WARN_UNDECLARED_SELECTOR = YES;
				GCC_WARN_UNINITIALIZED_AUTOS = YES_AGGRESSIVE;
				GCC_WARN_UNUSED_FUNCTION = YES;
				GCC_WARN_UNUSED_VARIABLE = YES;
				IPHONEOS_DEPLOYMENT_TARGET = 10.0;
				MTL_ENABLE_DEBUG_INFO = NO;
				SDKROOT = iphoneos;
				VALIDATE_PRODUCT = YES;
			};
			name = Release;
		};
		58B511F01A9E6C8500147676 /* Debug */ = {
			isa = XCBuildConfiguration;
			baseConfigurationReference = 50355BD89018CC7C327103BE /* Pods-RCTACPPlacesMonitor.debug.xcconfig */;
			buildSettings = {
				HEADER_SEARCH_PATHS = (
					"$(inherited)",
					/Applications/Xcode.app/Contents/Developer/Toolchains/XcodeDefault.xctoolchain/usr/include,
					"$(SRCROOT)/../../../React/**",
					"$(SRCROOT)/../../react-native/React/**",
				);
				IPHONEOS_DEPLOYMENT_TARGET = 10.0;
				LIBRARY_SEARCH_PATHS = (
					"$(inherited)",
					"$(PROJECT_DIR)",
					"$(PROJECT_DIR)/libs",
					"$(PROJECT_DIR)/Libraries",
				);
				OTHER_LDFLAGS = "-ObjC";
				PRODUCT_NAME = RCTACPPlacesMonitor;
				SKIP_INSTALL = YES;
				VALIDATE_PRODUCT = YES;
			};
			name = Debug;
		};
		58B511F11A9E6C8500147676 /* Release */ = {
			isa = XCBuildConfiguration;
			baseConfigurationReference = E10D2BBA32C2B9D5CAE87E3B /* Pods-RCTACPPlacesMonitor.release.xcconfig */;
			buildSettings = {
				HEADER_SEARCH_PATHS = (
					"$(inherited)",
					/Applications/Xcode.app/Contents/Developer/Toolchains/XcodeDefault.xctoolchain/usr/include,
					"$(SRCROOT)/../../../React/**",
					"$(SRCROOT)/../../react-native/React/**",
				);
				IPHONEOS_DEPLOYMENT_TARGET = 10.0;
				LIBRARY_SEARCH_PATHS = (
					"$(inherited)",
					"$(PROJECT_DIR)/libs",
					"$(PROJECT_DIR)",
					"$(PROJECT_DIR)/Libraries",
				);
				OTHER_LDFLAGS = "-ObjC";
				PRODUCT_NAME = RCTACPPlacesMonitor;
				SKIP_INSTALL = YES;
				VALIDATE_PRODUCT = YES;
			};
			name = Release;
		};
/* End XCBuildConfiguration section */

/* Begin XCConfigurationList section */
		58B511D61A9E6C8500147676 /* Build configuration list for PBXProject "RCTACPPlacesMonitor" */ = {
			isa = XCConfigurationList;
			buildConfigurations = (
				58B511ED1A9E6C8500147676 /* Debug */,
				58B511EE1A9E6C8500147676 /* Release */,
			);
			defaultConfigurationIsVisible = 0;
			defaultConfigurationName = Release;
		};
		58B511EF1A9E6C8500147676 /* Build configuration list for PBXNativeTarget "RCTACPPlacesMonitor" */ = {
			isa = XCConfigurationList;
			buildConfigurations = (
				58B511F01A9E6C8500147676 /* Debug */,
				58B511F11A9E6C8500147676 /* Release */,
			);
			defaultConfigurationIsVisible = 0;
			defaultConfigurationName = Release;
		};
/* End XCConfigurationList section */
	};
	rootObject = 58B511D31A9E6C8500147676 /* Project object */;
}
