// !$*UTF8*$!
{
	archiveVersion = 1;
	classes = {
	};
	objectVersion = 46;
	objects = {

/* Begin PBXBuildFile section */
		00E356F31AD99517003FC87E /* ACPPlacesMonitorSampleTests.m in Sources */ = {isa = PBXBuildFile; fileRef = 00E356F21AD99517003FC87E /* ACPPlacesMonitorSampleTests.m */; };
		13B07FBC1A68108700A75B9A /* AppDelegate.m in Sources */ = {isa = PBXBuildFile; fileRef = 13B07FB01A68108700A75B9A /* AppDelegate.m */; };
		13B07FBD1A68108700A75B9A /* LaunchScreen.xib in Resources */ = {isa = PBXBuildFile; fileRef = 13B07FB11A68108700A75B9A /* LaunchScreen.xib */; };
		13B07FBF1A68108700A75B9A /* Images.xcassets in Resources */ = {isa = PBXBuildFile; fileRef = 13B07FB51A68108700A75B9A /* Images.xcassets */; };
		13B07FC11A68108700A75B9A /* main.m in Sources */ = {isa = PBXBuildFile; fileRef = 13B07FB71A68108700A75B9A /* main.m */; };
		92430BA824A3CF8100336176 /* libRCTACPPlacesMonitor.a in Frameworks */ = {isa = PBXBuildFile; fileRef = 92430BA724A3CF6200336176 /* libRCTACPPlacesMonitor.a */; };
		925A72E824A3C2D100AE04F8 /* libRCTACPPlaces.a in Frameworks */ = {isa = PBXBuildFile; fileRef = 925A72C224A3C2BF00AE04F8 /* libRCTACPPlaces.a */; };
		9282E9082490BE7500C77F5A /* CoreLocation.framework in Frameworks */ = {isa = PBXBuildFile; fileRef = 9282E9072490BE7500C77F5A /* CoreLocation.framework */; };
		9282E9302490C01000C77F5A /* JavaScriptCore.framework in Frameworks */ = {isa = PBXBuildFile; fileRef = ED297162215061F000B7C4FE /* JavaScriptCore.framework */; };
		9282E9322490C01900C77F5A /* SystemConfiguration.framework in Frameworks */ = {isa = PBXBuildFile; fileRef = 9282E9312490C01900C77F5A /* SystemConfiguration.framework */; };
		9282E9342490C02200C77F5A /* UIKit.framework in Frameworks */ = {isa = PBXBuildFile; fileRef = 9282E9332490C02200C77F5A /* UIKit.framework */; };
		9282E9752490C28700C77F5A /* libRCTACPCore.a in Frameworks */ = {isa = PBXBuildFile; fileRef = 9282E96E2490C26200C77F5A /* libRCTACPCore.a */; };
		9282E9952490C34F00C77F5A /* libRCTVibration.a in Frameworks */ = {isa = PBXBuildFile; fileRef = 9282E98B2490C33100C77F5A /* libRCTVibration.a */; };
		9282E9962490C36C00C77F5A /* libRCTText.a in Frameworks */ = {isa = PBXBuildFile; fileRef = 9282E9922490C34A00C77F5A /* libRCTText.a */; };
		9282E9972490C37F00C77F5A /* libRCTWebSocket.a in Frameworks */ = {isa = PBXBuildFile; fileRef = 9282E97F2490C2DB00C77F5A /* libRCTWebSocket.a */; };
		9282E9AA2490C40B00C77F5A /* libRCTBlob.a in Frameworks */ = {isa = PBXBuildFile; fileRef = 9282E99E2490C3AD00C77F5A /* libRCTBlob.a */; };
		9282E9AB2490C41400C77F5A /* libRCTImage.a in Frameworks */ = {isa = PBXBuildFile; fileRef = 9282E9A72490C40400C77F5A /* libRCTImage.a */; };
		9282E9BB2490C64500C77F5A /* libRCTAnimation.a in Frameworks */ = {isa = PBXBuildFile; fileRef = 9282E9B22490C62600C77F5A /* libRCTAnimation.a */; };
		9282E9BC2490C64E00C77F5A /* libRCTActionSheet.a in Frameworks */ = {isa = PBXBuildFile; fileRef = 9282E9BA2490C63B00C77F5A /* libRCTActionSheet.a */; };
		9282EA042490C6BA00C77F5A /* libRCTLinking.a in Frameworks */ = {isa = PBXBuildFile; fileRef = 9282E9C32490C67100C77F5A /* libRCTLinking.a */; };
		9282EA052490C6BF00C77F5A /* libRCTNetwork.a in Frameworks */ = {isa = PBXBuildFile; fileRef = 9282EA012490C6B300C77F5A /* libRCTNetwork.a */; };
		9282EA062490C6C400C77F5A /* libRCTSettings.a in Frameworks */ = {isa = PBXBuildFile; fileRef = 9282E9CC2490C68400C77F5A /* libRCTSettings.a */; };
		9282EA0F2490C93000C77F5A /* libRCTGeolocation.a in Frameworks */ = {isa = PBXBuildFile; fileRef = 9282EA0E2490C91300C77F5A /* libRCTGeolocation.a */; };
		92B909D42490CE8D00CCD89F /* libz.tbd in Frameworks */ = {isa = PBXBuildFile; fileRef = 92B909D32490CE8D00CCD89F /* libz.tbd */; };
		92B909D62490CE9900CCD89F /* libc++.tbd in Frameworks */ = {isa = PBXBuildFile; fileRef = 92B909D52490CE9900CCD89F /* libc++.tbd */; };
		92B909D82490CEA400CCD89F /* libsqlite3.0.tbd in Frameworks */ = {isa = PBXBuildFile; fileRef = 92B909D72490CEA400CCD89F /* libsqlite3.0.tbd */; };
		92B909DA2490CEB100CCD89F /* UserNotifications.framework in Frameworks */ = {isa = PBXBuildFile; fileRef = 92B909D92490CEB100CCD89F /* UserNotifications.framework */; };
		92B90A132490D6AC00CCD89F /* libReact.a in Frameworks */ = {isa = PBXBuildFile; fileRef = 92B9098C2490CCD200CCD89F /* libReact.a */; };
		92B90A9E24914EC900CCD89F /* libReact.a in Frameworks */ = {isa = PBXBuildFile; fileRef = 92B9098C2490CCD200CCD89F /* libReact.a */; };
/* End PBXBuildFile section */

/* Begin PBXContainerItemProxy section */
		00E356F41AD99517003FC87E /* PBXContainerItemProxy */ = {
			isa = PBXContainerItemProxy;
			containerPortal = 83CBB9F71A601CBA00E9B192 /* Project object */;
			proxyType = 1;
			remoteGlobalIDString = 13B07F861A680F5B00A75B9A;
			remoteInfo = ACPPlacesMonitorSample;
		};
		92430BA624A3CF6200336176 /* PBXContainerItemProxy */ = {
			isa = PBXContainerItemProxy;
			containerPortal = 92430BA224A3CF6200336176 /* RCTACPPlacesMonitor.xcodeproj */;
			proxyType = 2;
			remoteGlobalIDString = 134814201AA4EA6300B7C361;
			remoteInfo = RCTACPPlacesMonitor;
		};
		925A72C124A3C2BF00AE04F8 /* PBXContainerItemProxy */ = {
			isa = PBXContainerItemProxy;
			containerPortal = 925A72BC24A3C2BE00AE04F8 /* RCTACPPlaces.xcodeproj */;
			proxyType = 2;
			remoteGlobalIDString = 134814201AA4EA6300B7C361;
			remoteInfo = RCTACPPlaces;
		};
		9282E96D2490C26200C77F5A /* PBXContainerItemProxy */ = {
			isa = PBXContainerItemProxy;
			containerPortal = 9282E9692490C26200C77F5A /* RCTACPCore.xcodeproj */;
			proxyType = 2;
			remoteGlobalIDString = 134814201AA4EA6300B7C361;
			remoteInfo = RCTACPCore;
		};
		9282E97E2490C2DB00C77F5A /* PBXContainerItemProxy */ = {
			isa = PBXContainerItemProxy;
			containerPortal = 9282E9772490C2DB00C77F5A /* RCTWebSocket.xcodeproj */;
			proxyType = 2;
			remoteGlobalIDString = 3C86DF461ADF2C930047B81A;
			remoteInfo = RCTWebSocket;
		};
		9282E9802490C2DB00C77F5A /* PBXContainerItemProxy */ = {
			isa = PBXContainerItemProxy;
			containerPortal = 9282E9772490C2DB00C77F5A /* RCTWebSocket.xcodeproj */;
			proxyType = 2;
			remoteGlobalIDString = 2D2A28881D9B049200D4039D;
			remoteInfo = "RCTWebSocket-tvOS";
		};
		9282E9822490C2DB00C77F5A /* PBXContainerItemProxy */ = {
			isa = PBXContainerItemProxy;
			containerPortal = 9282E9772490C2DB00C77F5A /* RCTWebSocket.xcodeproj */;
			proxyType = 2;
			remoteGlobalIDString = 3DBE0D001F3B181A0099AA32;
			remoteInfo = fishhook;
		};
		9282E9842490C2DB00C77F5A /* PBXContainerItemProxy */ = {
			isa = PBXContainerItemProxy;
			containerPortal = 9282E9772490C2DB00C77F5A /* RCTWebSocket.xcodeproj */;
			proxyType = 2;
			remoteGlobalIDString = 3DBE0D0D1F3B181C0099AA32;
			remoteInfo = "fishhook-tvOS";
		};
		9282E98A2490C33100C77F5A /* PBXContainerItemProxy */ = {
			isa = PBXContainerItemProxy;
			containerPortal = 9282E9862490C33100C77F5A /* RCTVibration.xcodeproj */;
			proxyType = 2;
			remoteGlobalIDString = 832C81801AAF6DEF007FA2F7;
			remoteInfo = RCTVibration;
		};
		9282E9912490C34A00C77F5A /* PBXContainerItemProxy */ = {
			isa = PBXContainerItemProxy;
			containerPortal = 9282E98C2490C34A00C77F5A /* RCTText.xcodeproj */;
			proxyType = 2;
			remoteGlobalIDString = 58B5119B1A9E6C1200147676;
			remoteInfo = RCTText;
		};
		9282E9932490C34A00C77F5A /* PBXContainerItemProxy */ = {
			isa = PBXContainerItemProxy;
			containerPortal = 9282E98C2490C34A00C77F5A /* RCTText.xcodeproj */;
			proxyType = 2;
			remoteGlobalIDString = 2D2A287B1D9B048500D4039D;
			remoteInfo = "RCTText-tvOS";
		};
		9282E99D2490C3AD00C77F5A /* PBXContainerItemProxy */ = {
			isa = PBXContainerItemProxy;
			containerPortal = 9282E9982490C3AD00C77F5A /* RCTBlob.xcodeproj */;
			proxyType = 2;
			remoteGlobalIDString = 358F4ED71D1E81A9004DF814;
			remoteInfo = RCTBlob;
		};
		9282E99F2490C3AD00C77F5A /* PBXContainerItemProxy */ = {
			isa = PBXContainerItemProxy;
			containerPortal = 9282E9982490C3AD00C77F5A /* RCTBlob.xcodeproj */;
			proxyType = 2;
			remoteGlobalIDString = ADD01A681E09402E00F6D226;
			remoteInfo = "RCTBlob-tvOS";
		};
		9282E9A62490C40400C77F5A /* PBXContainerItemProxy */ = {
			isa = PBXContainerItemProxy;
			containerPortal = 9282E9A12490C40400C77F5A /* RCTImage.xcodeproj */;
			proxyType = 2;
			remoteGlobalIDString = 58B5115D1A9E6B3D00147676;
			remoteInfo = RCTImage;
		};
		9282E9A82490C40400C77F5A /* PBXContainerItemProxy */ = {
			isa = PBXContainerItemProxy;
			containerPortal = 9282E9A12490C40400C77F5A /* RCTImage.xcodeproj */;
			proxyType = 2;
			remoteGlobalIDString = 2D2A283A1D9B042B00D4039D;
			remoteInfo = "RCTImage-tvOS";
		};
		9282E9B12490C62600C77F5A /* PBXContainerItemProxy */ = {
			isa = PBXContainerItemProxy;
			containerPortal = 9282E9AC2490C62600C77F5A /* RCTAnimation.xcodeproj */;
			proxyType = 2;
			remoteGlobalIDString = 134814201AA4EA6300B7C361;
			remoteInfo = RCTAnimation;
		};
		9282E9B32490C62600C77F5A /* PBXContainerItemProxy */ = {
			isa = PBXContainerItemProxy;
			containerPortal = 9282E9AC2490C62600C77F5A /* RCTAnimation.xcodeproj */;
			proxyType = 2;
			remoteGlobalIDString = 2D2A28201D9B03D100D4039D;
			remoteInfo = "RCTAnimation-tvOS";
		};
		9282E9B92490C63B00C77F5A /* PBXContainerItemProxy */ = {
			isa = PBXContainerItemProxy;
			containerPortal = 9282E9B52490C63B00C77F5A /* RCTActionSheet.xcodeproj */;
			proxyType = 2;
			remoteGlobalIDString = 134814201AA4EA6300B7C361;
			remoteInfo = RCTActionSheet;
		};
		9282E9C22490C67100C77F5A /* PBXContainerItemProxy */ = {
			isa = PBXContainerItemProxy;
			containerPortal = 9282E9BD2490C67100C77F5A /* RCTLinking.xcodeproj */;
			proxyType = 2;
			remoteGlobalIDString = 134814201AA4EA6300B7C361;
			remoteInfo = RCTLinking;
		};
		9282E9C42490C67100C77F5A /* PBXContainerItemProxy */ = {
			isa = PBXContainerItemProxy;
			containerPortal = 9282E9BD2490C67100C77F5A /* RCTLinking.xcodeproj */;
			proxyType = 2;
			remoteGlobalIDString = 2D2A28471D9B043800D4039D;
			remoteInfo = "RCTLinking-tvOS";
		};
		9282E9CB2490C68400C77F5A /* PBXContainerItemProxy */ = {
			isa = PBXContainerItemProxy;
			containerPortal = 9282E9C62490C68400C77F5A /* RCTSettings.xcodeproj */;
			proxyType = 2;
			remoteGlobalIDString = 134814201AA4EA6300B7C361;
			remoteInfo = RCTSettings;
		};
		9282E9CD2490C68400C77F5A /* PBXContainerItemProxy */ = {
			isa = PBXContainerItemProxy;
			containerPortal = 9282E9C62490C68400C77F5A /* RCTSettings.xcodeproj */;
			proxyType = 2;
			remoteGlobalIDString = 2D2A28611D9B046600D4039D;
			remoteInfo = "RCTSettings-tvOS";
		};
		9282EA002490C6B300C77F5A /* PBXContainerItemProxy */ = {
			isa = PBXContainerItemProxy;
			containerPortal = 9282E9FB2490C6B200C77F5A /* RCTNetwork.xcodeproj */;
			proxyType = 2;
			remoteGlobalIDString = 58B511DB1A9E6C8500147676;
			remoteInfo = RCTNetwork;
		};
		9282EA022490C6B300C77F5A /* PBXContainerItemProxy */ = {
			isa = PBXContainerItemProxy;
			containerPortal = 9282E9FB2490C6B200C77F5A /* RCTNetwork.xcodeproj */;
			proxyType = 2;
			remoteGlobalIDString = 2D2A28541D9B044C00D4039D;
			remoteInfo = "RCTNetwork-tvOS";
		};
		9282EA0D2490C91300C77F5A /* PBXContainerItemProxy */ = {
			isa = PBXContainerItemProxy;
			containerPortal = 9282EA092490C91200C77F5A /* RCTGeolocation.xcodeproj */;
			proxyType = 2;
			remoteGlobalIDString = 134814201AA4EA6300B7C361;
			remoteInfo = RCTGeolocation;
		};
		92B9098B2490CCD200CCD89F /* PBXContainerItemProxy */ = {
			isa = PBXContainerItemProxy;
			containerPortal = 92B909782490CCD200CCD89F /* React.xcodeproj */;
			proxyType = 2;
			remoteGlobalIDString = 83CBBA2E1A601D0E00E9B192;
			remoteInfo = React;
		};
		92B9098D2490CCD200CCD89F /* PBXContainerItemProxy */ = {
			isa = PBXContainerItemProxy;
			containerPortal = 92B909782490CCD200CCD89F /* React.xcodeproj */;
			proxyType = 2;
			remoteGlobalIDString = 2D2A28131D9B038B00D4039D;
			remoteInfo = "React-tvOS";
		};
		92B9098F2490CCD200CCD89F /* PBXContainerItemProxy */ = {
			isa = PBXContainerItemProxy;
			containerPortal = 92B909782490CCD200CCD89F /* React.xcodeproj */;
			proxyType = 2;
			remoteGlobalIDString = 3D3C059A1DE3340900C268FA;
			remoteInfo = yoga;
		};
		92B909912490CCD200CCD89F /* PBXContainerItemProxy */ = {
			isa = PBXContainerItemProxy;
			containerPortal = 92B909782490CCD200CCD89F /* React.xcodeproj */;
			proxyType = 2;
			remoteGlobalIDString = 3D3C06751DE3340C00C268FA;
			remoteInfo = "yoga-tvOS";
		};
		92B909932490CCD200CCD89F /* PBXContainerItemProxy */ = {
			isa = PBXContainerItemProxy;
			containerPortal = 92B909782490CCD200CCD89F /* React.xcodeproj */;
			proxyType = 2;
			remoteGlobalIDString = 3D3CD9251DE5FBEC00167DC4;
			remoteInfo = cxxreact;
		};
		92B909952490CCD200CCD89F /* PBXContainerItemProxy */ = {
			isa = PBXContainerItemProxy;
			containerPortal = 92B909782490CCD200CCD89F /* React.xcodeproj */;
			proxyType = 2;
			remoteGlobalIDString = 3D3CD9321DE5FBEE00167DC4;
			remoteInfo = "cxxreact-tvOS";
		};
		92B909972490CCD200CCD89F /* PBXContainerItemProxy */ = {
			isa = PBXContainerItemProxy;
			containerPortal = 92B909782490CCD200CCD89F /* React.xcodeproj */;
			proxyType = 2;
			remoteGlobalIDString = EBF21BDC1FC498900052F4D5;
			remoteInfo = jsinspector;
		};
		92B909992490CCD200CCD89F /* PBXContainerItemProxy */ = {
			isa = PBXContainerItemProxy;
			containerPortal = 92B909782490CCD200CCD89F /* React.xcodeproj */;
			proxyType = 2;
			remoteGlobalIDString = EBF21BFA1FC4989A0052F4D5;
			remoteInfo = "jsinspector-tvOS";
		};
		92B9099B2490CCD200CCD89F /* PBXContainerItemProxy */ = {
			isa = PBXContainerItemProxy;
			containerPortal = 92B909782490CCD200CCD89F /* React.xcodeproj */;
			proxyType = 2;
			remoteGlobalIDString = 139D7ECE1E25DB7D00323FB7;
			remoteInfo = "third-party";
		};
		92B9099D2490CCD200CCD89F /* PBXContainerItemProxy */ = {
			isa = PBXContainerItemProxy;
			containerPortal = 92B909782490CCD200CCD89F /* React.xcodeproj */;
			proxyType = 2;
			remoteGlobalIDString = 3D383D3C1EBD27B6005632C8;
			remoteInfo = "third-party-tvOS";
		};
		92B9099F2490CCD200CCD89F /* PBXContainerItemProxy */ = {
			isa = PBXContainerItemProxy;
			containerPortal = 92B909782490CCD200CCD89F /* React.xcodeproj */;
			proxyType = 2;
			remoteGlobalIDString = 139D7E881E25C6D100323FB7;
			remoteInfo = "double-conversion";
		};
		92B909A12490CCD200CCD89F /* PBXContainerItemProxy */ = {
			isa = PBXContainerItemProxy;
			containerPortal = 92B909782490CCD200CCD89F /* React.xcodeproj */;
			proxyType = 2;
			remoteGlobalIDString = 3D383D621EBD27B9005632C8;
			remoteInfo = "double-conversion-tvOS";
		};
		92B909A32490CCD200CCD89F /* PBXContainerItemProxy */ = {
			isa = PBXContainerItemProxy;
			containerPortal = 92B909782490CCD200CCD89F /* React.xcodeproj */;
			proxyType = 2;
			remoteGlobalIDString = EDEBC6D6214B3E7000DD5AC8;
			remoteInfo = jsi;
		};
		92B909A52490CCD200CCD89F /* PBXContainerItemProxy */ = {
			isa = PBXContainerItemProxy;
			containerPortal = 92B909782490CCD200CCD89F /* React.xcodeproj */;
			proxyType = 2;
			remoteGlobalIDString = EDEBC73B214B45A300DD5AC8;
			remoteInfo = jsiexecutor;
		};
		92B909A72490CCD200CCD89F /* PBXContainerItemProxy */ = {
			isa = PBXContainerItemProxy;
			containerPortal = 92B909782490CCD200CCD89F /* React.xcodeproj */;
			proxyType = 2;
			remoteGlobalIDString = ED296FB6214C9A0900B7C4FE;
			remoteInfo = "jsi-tvOS";
		};
		92B909A92490CCD200CCD89F /* PBXContainerItemProxy */ = {
			isa = PBXContainerItemProxy;
			containerPortal = 92B909782490CCD200CCD89F /* React.xcodeproj */;
			proxyType = 2;
			remoteGlobalIDString = ED296FEE214C9CF800B7C4FE;
			remoteInfo = "jsiexecutor-tvOS";
		};
		92B90A9C24914AF300CCD89F /* PBXContainerItemProxy */ = {
			isa = PBXContainerItemProxy;
			containerPortal = 92B909782490CCD200CCD89F /* React.xcodeproj */;
			proxyType = 1;
			remoteGlobalIDString = 83CBBA2D1A601D0E00E9B192;
			remoteInfo = React;
		};
/* End PBXContainerItemProxy section */

/* Begin PBXFileReference section */
		008F07F21AC5B25A0029DE68 /* main.jsbundle */ = {isa = PBXFileReference; fileEncoding = 4; lastKnownFileType = text; path = main.jsbundle; sourceTree = "<group>"; };
		00E356EE1AD99517003FC87E /* ACPPlacesMonitorSampleTests.xctest */ = {isa = PBXFileReference; explicitFileType = wrapper.cfbundle; includeInIndex = 0; path = ACPPlacesMonitorSampleTests.xctest; sourceTree = BUILT_PRODUCTS_DIR; };
		00E356F11AD99517003FC87E /* Info.plist */ = {isa = PBXFileReference; lastKnownFileType = text.plist.xml; path = Info.plist; sourceTree = "<group>"; };
		00E356F21AD99517003FC87E /* ACPPlacesMonitorSampleTests.m */ = {isa = PBXFileReference; lastKnownFileType = sourcecode.c.objc; path = ACPPlacesMonitorSampleTests.m; sourceTree = "<group>"; };
		13B07F961A680F5B00A75B9A /* ACPPlacesMonitorSample.app */ = {isa = PBXFileReference; explicitFileType = wrapper.application; includeInIndex = 0; path = ACPPlacesMonitorSample.app; sourceTree = BUILT_PRODUCTS_DIR; };
		13B07FAF1A68108700A75B9A /* AppDelegate.h */ = {isa = PBXFileReference; fileEncoding = 4; lastKnownFileType = sourcecode.c.h; name = AppDelegate.h; path = ACPPlacesMonitorSample/AppDelegate.h; sourceTree = "<group>"; };
		13B07FB01A68108700A75B9A /* AppDelegate.m */ = {isa = PBXFileReference; fileEncoding = 4; lastKnownFileType = sourcecode.c.objc; name = AppDelegate.m; path = ACPPlacesMonitorSample/AppDelegate.m; sourceTree = "<group>"; };
		13B07FB21A68108700A75B9A /* Base */ = {isa = PBXFileReference; lastKnownFileType = file.xib; name = Base; path = Base.lproj/LaunchScreen.xib; sourceTree = "<group>"; };
		13B07FB51A68108700A75B9A /* Images.xcassets */ = {isa = PBXFileReference; lastKnownFileType = folder.assetcatalog; name = Images.xcassets; path = ACPPlacesMonitorSample/Images.xcassets; sourceTree = "<group>"; };
		13B07FB61A68108700A75B9A /* Info.plist */ = {isa = PBXFileReference; fileEncoding = 4; lastKnownFileType = text.plist.xml; name = Info.plist; path = ACPPlacesMonitorSample/Info.plist; sourceTree = "<group>"; };
		13B07FB71A68108700A75B9A /* main.m */ = {isa = PBXFileReference; fileEncoding = 4; lastKnownFileType = sourcecode.c.objc; name = main.m; path = ACPPlacesMonitorSample/main.m; sourceTree = "<group>"; };
		92430BA224A3CF6200336176 /* RCTACPPlacesMonitor.xcodeproj */ = {isa = PBXFileReference; lastKnownFileType = "wrapper.pb-project"; name = RCTACPPlacesMonitor.xcodeproj; path = "../node_modules/@adobe/react-native-acpplaces-monitor/ios/RCTACPPlacesMonitor.xcodeproj"; sourceTree = "<group>"; };
		92430BF124A407AE00336176 /* adobe-sj copy.gpx */ = {isa = PBXFileReference; lastKnownFileType = text.xml; name = "adobe-sj copy.gpx"; path = "../../../../../../../Downloads/adobe-sj copy.gpx"; sourceTree = "<group>"; };
		925A72BC24A3C2BE00AE04F8 /* RCTACPPlaces.xcodeproj */ = {isa = PBXFileReference; lastKnownFileType = "wrapper.pb-project"; name = RCTACPPlaces.xcodeproj; path = "../node_modules/@adobe/react-native-acpplaces/ios/RCTACPPlaces.xcodeproj"; sourceTree = "<group>"; };
		9282E9072490BE7500C77F5A /* CoreLocation.framework */ = {isa = PBXFileReference; lastKnownFileType = wrapper.framework; name = CoreLocation.framework; path = System/Library/Frameworks/CoreLocation.framework; sourceTree = SDKROOT; };
		9282E9312490C01900C77F5A /* SystemConfiguration.framework */ = {isa = PBXFileReference; lastKnownFileType = wrapper.framework; name = SystemConfiguration.framework; path = System/Library/Frameworks/SystemConfiguration.framework; sourceTree = SDKROOT; };
		9282E9332490C02200C77F5A /* UIKit.framework */ = {isa = PBXFileReference; lastKnownFileType = wrapper.framework; name = UIKit.framework; path = System/Library/Frameworks/UIKit.framework; sourceTree = SDKROOT; };
		9282E9692490C26200C77F5A /* RCTACPCore.xcodeproj */ = {isa = PBXFileReference; lastKnownFileType = "wrapper.pb-project"; name = RCTACPCore.xcodeproj; path = "../node_modules/@adobe/react-native-acpcore/ios/RCTACPCore.xcodeproj"; sourceTree = "<group>"; };
		9282E9772490C2DB00C77F5A /* RCTWebSocket.xcodeproj */ = {isa = PBXFileReference; lastKnownFileType = "wrapper.pb-project"; name = RCTWebSocket.xcodeproj; path = "../node_modules/react-native/Libraries/WebSocket/RCTWebSocket.xcodeproj"; sourceTree = "<group>"; };
		9282E9862490C33100C77F5A /* RCTVibration.xcodeproj */ = {isa = PBXFileReference; lastKnownFileType = "wrapper.pb-project"; name = RCTVibration.xcodeproj; path = "../node_modules/react-native/Libraries/Vibration/RCTVibration.xcodeproj"; sourceTree = "<group>"; };
		9282E98C2490C34A00C77F5A /* RCTText.xcodeproj */ = {isa = PBXFileReference; lastKnownFileType = "wrapper.pb-project"; name = RCTText.xcodeproj; path = "../node_modules/react-native/Libraries/Text/RCTText.xcodeproj"; sourceTree = "<group>"; };
		9282E9982490C3AD00C77F5A /* RCTBlob.xcodeproj */ = {isa = PBXFileReference; lastKnownFileType = "wrapper.pb-project"; name = RCTBlob.xcodeproj; path = "../node_modules/react-native/Libraries/Blob/RCTBlob.xcodeproj"; sourceTree = "<group>"; };
		9282E9A12490C40400C77F5A /* RCTImage.xcodeproj */ = {isa = PBXFileReference; lastKnownFileType = "wrapper.pb-project"; name = RCTImage.xcodeproj; path = "../node_modules/react-native/Libraries/Image/RCTImage.xcodeproj"; sourceTree = "<group>"; };
		9282E9AC2490C62600C77F5A /* RCTAnimation.xcodeproj */ = {isa = PBXFileReference; lastKnownFileType = "wrapper.pb-project"; name = RCTAnimation.xcodeproj; path = "../node_modules/react-native/Libraries/NativeAnimation/RCTAnimation.xcodeproj"; sourceTree = "<group>"; };
		9282E9B52490C63B00C77F5A /* RCTActionSheet.xcodeproj */ = {isa = PBXFileReference; lastKnownFileType = "wrapper.pb-project"; name = RCTActionSheet.xcodeproj; path = "../node_modules/react-native/Libraries/ActionSheetIOS/RCTActionSheet.xcodeproj"; sourceTree = "<group>"; };
		9282E9BD2490C67100C77F5A /* RCTLinking.xcodeproj */ = {isa = PBXFileReference; lastKnownFileType = "wrapper.pb-project"; name = RCTLinking.xcodeproj; path = "../node_modules/react-native/Libraries/LinkingIOS/RCTLinking.xcodeproj"; sourceTree = "<group>"; };
		9282E9C62490C68400C77F5A /* RCTSettings.xcodeproj */ = {isa = PBXFileReference; lastKnownFileType = "wrapper.pb-project"; name = RCTSettings.xcodeproj; path = "../node_modules/react-native/Libraries/Settings/RCTSettings.xcodeproj"; sourceTree = "<group>"; };
		9282E9FB2490C6B200C77F5A /* RCTNetwork.xcodeproj */ = {isa = PBXFileReference; lastKnownFileType = "wrapper.pb-project"; name = RCTNetwork.xcodeproj; path = "../node_modules/react-native/Libraries/Network/RCTNetwork.xcodeproj"; sourceTree = "<group>"; };
		9282EA092490C91200C77F5A /* RCTGeolocation.xcodeproj */ = {isa = PBXFileReference; lastKnownFileType = "wrapper.pb-project"; name = RCTGeolocation.xcodeproj; path = "../node_modules/react-native/Libraries/Geolocation/RCTGeolocation.xcodeproj"; sourceTree = "<group>"; };
		92B909782490CCD200CCD89F /* React.xcodeproj */ = {isa = PBXFileReference; lastKnownFileType = "wrapper.pb-project"; name = React.xcodeproj; path = "../node_modules/react-native/React/React.xcodeproj"; sourceTree = "<group>"; };
		92B909D32490CE8D00CCD89F /* libz.tbd */ = {isa = PBXFileReference; lastKnownFileType = "sourcecode.text-based-dylib-definition"; name = libz.tbd; path = usr/lib/libz.tbd; sourceTree = SDKROOT; };
		92B909D52490CE9900CCD89F /* libc++.tbd */ = {isa = PBXFileReference; lastKnownFileType = "sourcecode.text-based-dylib-definition"; name = "libc++.tbd"; path = "usr/lib/libc++.tbd"; sourceTree = SDKROOT; };
		92B909D72490CEA400CCD89F /* libsqlite3.0.tbd */ = {isa = PBXFileReference; lastKnownFileType = "sourcecode.text-based-dylib-definition"; name = libsqlite3.0.tbd; path = usr/lib/libsqlite3.0.tbd; sourceTree = SDKROOT; };
		92B909D92490CEB100CCD89F /* UserNotifications.framework */ = {isa = PBXFileReference; lastKnownFileType = wrapper.framework; name = UserNotifications.framework; path = System/Library/Frameworks/UserNotifications.framework; sourceTree = SDKROOT; };
		ED297162215061F000B7C4FE /* JavaScriptCore.framework */ = {isa = PBXFileReference; lastKnownFileType = wrapper.framework; name = JavaScriptCore.framework; path = System/Library/Frameworks/JavaScriptCore.framework; sourceTree = SDKROOT; };
/* End PBXFileReference section */

/* Begin PBXFrameworksBuildPhase section */
		00E356EB1AD99517003FC87E /* Frameworks */ = {
			isa = PBXFrameworksBuildPhase;
			buildActionMask = 2147483647;
			files = (
				92B90A132490D6AC00CCD89F /* libReact.a in Frameworks */,
			);
			runOnlyForDeploymentPostprocessing = 0;
		};
		13B07F8C1A680F5B00A75B9A /* Frameworks */ = {
			isa = PBXFrameworksBuildPhase;
			buildActionMask = 2147483647;
			files = (
				92430BA824A3CF8100336176 /* libRCTACPPlacesMonitor.a in Frameworks */,
				925A72E824A3C2D100AE04F8 /* libRCTACPPlaces.a in Frameworks */,
				92B90A9E24914EC900CCD89F /* libReact.a in Frameworks */,
				92B909DA2490CEB100CCD89F /* UserNotifications.framework in Frameworks */,
				92B909D82490CEA400CCD89F /* libsqlite3.0.tbd in Frameworks */,
				92B909D62490CE9900CCD89F /* libc++.tbd in Frameworks */,
				92B909D42490CE8D00CCD89F /* libz.tbd in Frameworks */,
				9282EA0F2490C93000C77F5A /* libRCTGeolocation.a in Frameworks */,
				9282EA062490C6C400C77F5A /* libRCTSettings.a in Frameworks */,
				9282EA052490C6BF00C77F5A /* libRCTNetwork.a in Frameworks */,
				9282EA042490C6BA00C77F5A /* libRCTLinking.a in Frameworks */,
				9282E9BC2490C64E00C77F5A /* libRCTActionSheet.a in Frameworks */,
				9282E9BB2490C64500C77F5A /* libRCTAnimation.a in Frameworks */,
				9282E9AB2490C41400C77F5A /* libRCTImage.a in Frameworks */,
				9282E9AA2490C40B00C77F5A /* libRCTBlob.a in Frameworks */,
				9282E9972490C37F00C77F5A /* libRCTWebSocket.a in Frameworks */,
				9282E9962490C36C00C77F5A /* libRCTText.a in Frameworks */,
				9282E9952490C34F00C77F5A /* libRCTVibration.a in Frameworks */,
				9282E9752490C28700C77F5A /* libRCTACPCore.a in Frameworks */,
				9282E9342490C02200C77F5A /* UIKit.framework in Frameworks */,
				9282E9322490C01900C77F5A /* SystemConfiguration.framework in Frameworks */,
				9282E9302490C01000C77F5A /* JavaScriptCore.framework in Frameworks */,
				9282E9082490BE7500C77F5A /* CoreLocation.framework in Frameworks */,
			);
			runOnlyForDeploymentPostprocessing = 0;
		};
/* End PBXFrameworksBuildPhase section */

/* Begin PBXGroup section */
		00E356EF1AD99517003FC87E /* ACPPlacesMonitorSampleTests */ = {
			isa = PBXGroup;
			children = (
				00E356F21AD99517003FC87E /* ACPPlacesMonitorSampleTests.m */,
				00E356F01AD99517003FC87E /* Supporting Files */,
			);
			path = ACPPlacesMonitorSampleTests;
			sourceTree = "<group>";
		};
		00E356F01AD99517003FC87E /* Supporting Files */ = {
			isa = PBXGroup;
			children = (
				00E356F11AD99517003FC87E /* Info.plist */,
			);
			name = "Supporting Files";
			sourceTree = "<group>";
		};
		13B07FAE1A68108700A75B9A /* ACPPlacesMonitorSample */ = {
			isa = PBXGroup;
			children = (
				008F07F21AC5B25A0029DE68 /* main.jsbundle */,
				13B07FAF1A68108700A75B9A /* AppDelegate.h */,
				13B07FB01A68108700A75B9A /* AppDelegate.m */,
				13B07FB51A68108700A75B9A /* Images.xcassets */,
				13B07FB61A68108700A75B9A /* Info.plist */,
				13B07FB11A68108700A75B9A /* LaunchScreen.xib */,
				13B07FB71A68108700A75B9A /* main.m */,
			);
			name = ACPPlacesMonitorSample;
			sourceTree = "<group>";
		};
		2D16E6871FA4F8E400B85C8A /* Frameworks */ = {
			isa = PBXGroup;
			children = (
				92B909D92490CEB100CCD89F /* UserNotifications.framework */,
				92B909D72490CEA400CCD89F /* libsqlite3.0.tbd */,
				92B909D52490CE9900CCD89F /* libc++.tbd */,
				92B909D32490CE8D00CCD89F /* libz.tbd */,
				9282E9332490C02200C77F5A /* UIKit.framework */,
				9282E9312490C01900C77F5A /* SystemConfiguration.framework */,
				9282E9072490BE7500C77F5A /* CoreLocation.framework */,
				ED297162215061F000B7C4FE /* JavaScriptCore.framework */,
			);
			name = Frameworks;
			sourceTree = "<group>";
		};
		832341AE1AAA6A7D00B99B32 /* Libraries */ = {
			isa = PBXGroup;
			children = (
				92B909782490CCD200CCD89F /* React.xcodeproj */,
				92430BA224A3CF6200336176 /* RCTACPPlacesMonitor.xcodeproj */,
				925A72BC24A3C2BE00AE04F8 /* RCTACPPlaces.xcodeproj */,
				9282EA092490C91200C77F5A /* RCTGeolocation.xcodeproj */,
				9282E9FB2490C6B200C77F5A /* RCTNetwork.xcodeproj */,
				9282E9C62490C68400C77F5A /* RCTSettings.xcodeproj */,
				9282E9BD2490C67100C77F5A /* RCTLinking.xcodeproj */,
				9282E9B52490C63B00C77F5A /* RCTActionSheet.xcodeproj */,
				9282E9AC2490C62600C77F5A /* RCTAnimation.xcodeproj */,
				9282E9A12490C40400C77F5A /* RCTImage.xcodeproj */,
				9282E9982490C3AD00C77F5A /* RCTBlob.xcodeproj */,
				9282E98C2490C34A00C77F5A /* RCTText.xcodeproj */,
				9282E9862490C33100C77F5A /* RCTVibration.xcodeproj */,
				9282E9772490C2DB00C77F5A /* RCTWebSocket.xcodeproj */,
				9282E9692490C26200C77F5A /* RCTACPCore.xcodeproj */,
			);
			name = Libraries;
			sourceTree = "<group>";
		};
		83CBB9F61A601CBA00E9B192 = {
			isa = PBXGroup;
			children = (
				92430BF124A407AE00336176 /* adobe-sj copy.gpx */,
				13B07FAE1A68108700A75B9A /* ACPPlacesMonitorSample */,
				832341AE1AAA6A7D00B99B32 /* Libraries */,
				00E356EF1AD99517003FC87E /* ACPPlacesMonitorSampleTests */,
				83CBBA001A601CBA00E9B192 /* Products */,
				2D16E6871FA4F8E400B85C8A /* Frameworks */,
			);
			indentWidth = 2;
			sourceTree = "<group>";
			tabWidth = 2;
			usesTabs = 0;
		};
		83CBBA001A601CBA00E9B192 /* Products */ = {
			isa = PBXGroup;
			children = (
				13B07F961A680F5B00A75B9A /* ACPPlacesMonitorSample.app */,
				00E356EE1AD99517003FC87E /* ACPPlacesMonitorSampleTests.xctest */,
			);
			name = Products;
			sourceTree = "<group>";
		};
		92430BA324A3CF6200336176 /* Products */ = {
			isa = PBXGroup;
			children = (
				92430BA724A3CF6200336176 /* libRCTACPPlacesMonitor.a */,
			);
			name = Products;
			sourceTree = "<group>";
		};
		925A72BD24A3C2BE00AE04F8 /* Products */ = {
			isa = PBXGroup;
			children = (
				925A72C224A3C2BF00AE04F8 /* libRCTACPPlaces.a */,
			);
			name = Products;
			sourceTree = "<group>";
		};
		9282E96A2490C26200C77F5A /* Products */ = {
			isa = PBXGroup;
			children = (
				9282E96E2490C26200C77F5A /* libRCTACPCore.a */,
			);
			name = Products;
			sourceTree = "<group>";
		};
		9282E9782490C2DB00C77F5A /* Products */ = {
			isa = PBXGroup;
			children = (
				9282E97F2490C2DB00C77F5A /* libRCTWebSocket.a */,
				9282E9812490C2DB00C77F5A /* libRCTWebSocket-tvOS.a */,
				9282E9832490C2DB00C77F5A /* libfishhook.a */,
				9282E9852490C2DB00C77F5A /* libfishhook-tvOS.a */,
			);
			name = Products;
			sourceTree = "<group>";
		};
		9282E9872490C33100C77F5A /* Products */ = {
			isa = PBXGroup;
			children = (
				9282E98B2490C33100C77F5A /* libRCTVibration.a */,
			);
			name = Products;
			sourceTree = "<group>";
		};
		9282E98D2490C34A00C77F5A /* Products */ = {
			isa = PBXGroup;
			children = (
				9282E9922490C34A00C77F5A /* libRCTText.a */,
				9282E9942490C34A00C77F5A /* libRCTText-tvOS.a */,
			);
			name = Products;
			sourceTree = "<group>";
		};
		9282E9992490C3AD00C77F5A /* Products */ = {
			isa = PBXGroup;
			children = (
				9282E99E2490C3AD00C77F5A /* libRCTBlob.a */,
				9282E9A02490C3AD00C77F5A /* libRCTBlob-tvOS.a */,
			);
			name = Products;
			sourceTree = "<group>";
		};
		9282E9A22490C40400C77F5A /* Products */ = {
			isa = PBXGroup;
			children = (
				9282E9A72490C40400C77F5A /* libRCTImage.a */,
				9282E9A92490C40400C77F5A /* libRCTImage-tvOS.a */,
			);
			name = Products;
			sourceTree = "<group>";
		};
		9282E9AD2490C62600C77F5A /* Products */ = {
			isa = PBXGroup;
			children = (
				9282E9B22490C62600C77F5A /* libRCTAnimation.a */,
				9282E9B42490C62600C77F5A /* libRCTAnimation.a */,
			);
			name = Products;
			sourceTree = "<group>";
		};
		9282E9B62490C63B00C77F5A /* Products */ = {
			isa = PBXGroup;
			children = (
				9282E9BA2490C63B00C77F5A /* libRCTActionSheet.a */,
			);
			name = Products;
			sourceTree = "<group>";
		};
		9282E9BE2490C67100C77F5A /* Products */ = {
			isa = PBXGroup;
			children = (
				9282E9C32490C67100C77F5A /* libRCTLinking.a */,
				9282E9C52490C67100C77F5A /* libRCTLinking-tvOS.a */,
			);
			name = Products;
			sourceTree = "<group>";
		};
		9282E9C72490C68400C77F5A /* Products */ = {
			isa = PBXGroup;
			children = (
				9282E9CC2490C68400C77F5A /* libRCTSettings.a */,
				9282E9CE2490C68400C77F5A /* libRCTSettings-tvOS.a */,
			);
			name = Products;
			sourceTree = "<group>";
		};
		9282E9FC2490C6B200C77F5A /* Products */ = {
			isa = PBXGroup;
			children = (
				9282EA012490C6B300C77F5A /* libRCTNetwork.a */,
				9282EA032490C6B300C77F5A /* libRCTNetwork-tvOS.a */,
			);
			name = Products;
			sourceTree = "<group>";
		};
		9282EA0A2490C91200C77F5A /* Products */ = {
			isa = PBXGroup;
			children = (
				9282EA0E2490C91300C77F5A /* libRCTGeolocation.a */,
			);
			name = Products;
			sourceTree = "<group>";
		};
		92B909792490CCD200CCD89F /* Products */ = {
			isa = PBXGroup;
			children = (
				92B9098C2490CCD200CCD89F /* libReact.a */,
				92B9098E2490CCD200CCD89F /* libReact.a */,
				92B909902490CCD200CCD89F /* libyoga.a */,
				92B909922490CCD200CCD89F /* libyoga.a */,
				92B909942490CCD200CCD89F /* libcxxreact.a */,
				92B909962490CCD200CCD89F /* libcxxreact.a */,
				92B909982490CCD200CCD89F /* libjsinspector.a */,
				92B9099A2490CCD200CCD89F /* libjsinspector-tvOS.a */,
				92B9099C2490CCD200CCD89F /* libthird-party.a */,
				92B9099E2490CCD200CCD89F /* libthird-party.a */,
				92B909A02490CCD200CCD89F /* libdouble-conversion.a */,
				92B909A22490CCD200CCD89F /* libdouble-conversion.a */,
				92B909A42490CCD200CCD89F /* libjsi.a */,
				92B909A62490CCD200CCD89F /* libjsiexecutor.a */,
				92B909A82490CCD200CCD89F /* libjsi-tvOS.a */,
				92B909AA2490CCD200CCD89F /* libjsiexecutor-tvOS.a */,
			);
			name = Products;
			sourceTree = "<group>";
		};
/* End PBXGroup section */

/* Begin PBXNativeTarget section */
		00E356ED1AD99517003FC87E /* ACPPlacesMonitorSampleTests */ = {
			isa = PBXNativeTarget;
			buildConfigurationList = 00E357021AD99517003FC87E /* Build configuration list for PBXNativeTarget "ACPPlacesMonitorSampleTests" */;
			buildPhases = (
				00E356EA1AD99517003FC87E /* Sources */,
				00E356EB1AD99517003FC87E /* Frameworks */,
				00E356EC1AD99517003FC87E /* Resources */,
			);
			buildRules = (
			);
			dependencies = (
				00E356F51AD99517003FC87E /* PBXTargetDependency */,
			);
			name = ACPPlacesMonitorSampleTests;
			productName = ACPPlacesMonitorSampleTests;
			productReference = 00E356EE1AD99517003FC87E /* ACPPlacesMonitorSampleTests.xctest */;
			productType = "com.apple.product-type.bundle.unit-test";
		};
		13B07F861A680F5B00A75B9A /* ACPPlacesMonitorSample */ = {
			isa = PBXNativeTarget;
			buildConfigurationList = 13B07F931A680F5B00A75B9A /* Build configuration list for PBXNativeTarget "ACPPlacesMonitorSample" */;
			buildPhases = (
				13B07F871A680F5B00A75B9A /* Sources */,
				13B07F8C1A680F5B00A75B9A /* Frameworks */,
				13B07F8E1A680F5B00A75B9A /* Resources */,
				00DD1BFF1BD5951E006B06BC /* Bundle React Native code and images */,
			);
			buildRules = (
			);
			dependencies = (
				92B90A9D24914AF300CCD89F /* PBXTargetDependency */,
			);
			name = ACPPlacesMonitorSample;
			productName = ACPPlacesMonitorSample;
			productReference = 13B07F961A680F5B00A75B9A /* ACPPlacesMonitorSample.app */;
			productType = "com.apple.product-type.application";
		};
/* End PBXNativeTarget section */

/* Begin PBXProject section */
		83CBB9F71A601CBA00E9B192 /* Project object */ = {
			isa = PBXProject;
			attributes = {
				LastUpgradeCheck = 1130;
				TargetAttributes = {
					00E356ED1AD99517003FC87E = {
						CreatedOnToolsVersion = 6.2;
						TestTargetID = 13B07F861A680F5B00A75B9A;
					};
					13B07F861A680F5B00A75B9A = {
						LastSwiftMigration = 1120;
					};
				};
			};
			buildConfigurationList = 83CBB9FA1A601CBA00E9B192 /* Build configuration list for PBXProject "ACPPlacesMonitorSample" */;
			compatibilityVersion = "Xcode 3.2";
			developmentRegion = en;
			hasScannedForEncodings = 0;
			knownRegions = (
				en,
				Base,
			);
			mainGroup = 83CBB9F61A601CBA00E9B192;
			productRefGroup = 83CBBA001A601CBA00E9B192 /* Products */;
			projectDirPath = "";
			projectReferences = (
				{
					ProductGroup = 9282E96A2490C26200C77F5A /* Products */;
					ProjectRef = 9282E9692490C26200C77F5A /* RCTACPCore.xcodeproj */;
				},
				{
					ProductGroup = 925A72BD24A3C2BE00AE04F8 /* Products */;
					ProjectRef = 925A72BC24A3C2BE00AE04F8 /* RCTACPPlaces.xcodeproj */;
				},
				{
					ProductGroup = 92430BA324A3CF6200336176 /* Products */;
					ProjectRef = 92430BA224A3CF6200336176 /* RCTACPPlacesMonitor.xcodeproj */;
				},
				{
					ProductGroup = 9282E9B62490C63B00C77F5A /* Products */;
					ProjectRef = 9282E9B52490C63B00C77F5A /* RCTActionSheet.xcodeproj */;
				},
				{
					ProductGroup = 9282E9AD2490C62600C77F5A /* Products */;
					ProjectRef = 9282E9AC2490C62600C77F5A /* RCTAnimation.xcodeproj */;
				},
				{
					ProductGroup = 9282E9992490C3AD00C77F5A /* Products */;
					ProjectRef = 9282E9982490C3AD00C77F5A /* RCTBlob.xcodeproj */;
				},
				{
					ProductGroup = 9282EA0A2490C91200C77F5A /* Products */;
					ProjectRef = 9282EA092490C91200C77F5A /* RCTGeolocation.xcodeproj */;
				},
				{
					ProductGroup = 9282E9A22490C40400C77F5A /* Products */;
					ProjectRef = 9282E9A12490C40400C77F5A /* RCTImage.xcodeproj */;
				},
				{
					ProductGroup = 9282E9BE2490C67100C77F5A /* Products */;
					ProjectRef = 9282E9BD2490C67100C77F5A /* RCTLinking.xcodeproj */;
				},
				{
					ProductGroup = 9282E9FC2490C6B200C77F5A /* Products */;
					ProjectRef = 9282E9FB2490C6B200C77F5A /* RCTNetwork.xcodeproj */;
				},
				{
					ProductGroup = 9282E9C72490C68400C77F5A /* Products */;
					ProjectRef = 9282E9C62490C68400C77F5A /* RCTSettings.xcodeproj */;
				},
				{
					ProductGroup = 9282E98D2490C34A00C77F5A /* Products */;
					ProjectRef = 9282E98C2490C34A00C77F5A /* RCTText.xcodeproj */;
				},
				{
					ProductGroup = 9282E9872490C33100C77F5A /* Products */;
					ProjectRef = 9282E9862490C33100C77F5A /* RCTVibration.xcodeproj */;
				},
				{
					ProductGroup = 9282E9782490C2DB00C77F5A /* Products */;
					ProjectRef = 9282E9772490C2DB00C77F5A /* RCTWebSocket.xcodeproj */;
				},
				{
					ProductGroup = 92B909792490CCD200CCD89F /* Products */;
					ProjectRef = 92B909782490CCD200CCD89F /* React.xcodeproj */;
				},
			);
			projectRoot = "";
			targets = (
				13B07F861A680F5B00A75B9A /* ACPPlacesMonitorSample */,
				00E356ED1AD99517003FC87E /* ACPPlacesMonitorSampleTests */,
			);
		};
/* End PBXProject section */

/* Begin PBXReferenceProxy section */
		92430BA724A3CF6200336176 /* libRCTACPPlacesMonitor.a */ = {
			isa = PBXReferenceProxy;
			fileType = archive.ar;
			path = libRCTACPPlacesMonitor.a;
			remoteRef = 92430BA624A3CF6200336176 /* PBXContainerItemProxy */;
			sourceTree = BUILT_PRODUCTS_DIR;
		};
		925A72C224A3C2BF00AE04F8 /* libRCTACPPlaces.a */ = {
			isa = PBXReferenceProxy;
			fileType = archive.ar;
			path = libRCTACPPlaces.a;
			remoteRef = 925A72C124A3C2BF00AE04F8 /* PBXContainerItemProxy */;
			sourceTree = BUILT_PRODUCTS_DIR;
		};
		9282E96E2490C26200C77F5A /* libRCTACPCore.a */ = {
			isa = PBXReferenceProxy;
			fileType = archive.ar;
			path = libRCTACPCore.a;
			remoteRef = 9282E96D2490C26200C77F5A /* PBXContainerItemProxy */;
			sourceTree = BUILT_PRODUCTS_DIR;
		};
		9282E97F2490C2DB00C77F5A /* libRCTWebSocket.a */ = {
			isa = PBXReferenceProxy;
			fileType = archive.ar;
			path = libRCTWebSocket.a;
			remoteRef = 9282E97E2490C2DB00C77F5A /* PBXContainerItemProxy */;
			sourceTree = BUILT_PRODUCTS_DIR;
		};
		9282E9812490C2DB00C77F5A /* libRCTWebSocket-tvOS.a */ = {
			isa = PBXReferenceProxy;
			fileType = archive.ar;
			path = "libRCTWebSocket-tvOS.a";
			remoteRef = 9282E9802490C2DB00C77F5A /* PBXContainerItemProxy */;
			sourceTree = BUILT_PRODUCTS_DIR;
		};
		9282E9832490C2DB00C77F5A /* libfishhook.a */ = {
			isa = PBXReferenceProxy;
			fileType = archive.ar;
			path = libfishhook.a;
			remoteRef = 9282E9822490C2DB00C77F5A /* PBXContainerItemProxy */;
			sourceTree = BUILT_PRODUCTS_DIR;
		};
		9282E9852490C2DB00C77F5A /* libfishhook-tvOS.a */ = {
			isa = PBXReferenceProxy;
			fileType = archive.ar;
			path = "libfishhook-tvOS.a";
			remoteRef = 9282E9842490C2DB00C77F5A /* PBXContainerItemProxy */;
			sourceTree = BUILT_PRODUCTS_DIR;
		};
		9282E98B2490C33100C77F5A /* libRCTVibration.a */ = {
			isa = PBXReferenceProxy;
			fileType = archive.ar;
			path = libRCTVibration.a;
			remoteRef = 9282E98A2490C33100C77F5A /* PBXContainerItemProxy */;
			sourceTree = BUILT_PRODUCTS_DIR;
		};
		9282E9922490C34A00C77F5A /* libRCTText.a */ = {
			isa = PBXReferenceProxy;
			fileType = archive.ar;
			path = libRCTText.a;
			remoteRef = 9282E9912490C34A00C77F5A /* PBXContainerItemProxy */;
			sourceTree = BUILT_PRODUCTS_DIR;
		};
		9282E9942490C34A00C77F5A /* libRCTText-tvOS.a */ = {
			isa = PBXReferenceProxy;
			fileType = archive.ar;
			path = "libRCTText-tvOS.a";
			remoteRef = 9282E9932490C34A00C77F5A /* PBXContainerItemProxy */;
			sourceTree = BUILT_PRODUCTS_DIR;
		};
		9282E99E2490C3AD00C77F5A /* libRCTBlob.a */ = {
			isa = PBXReferenceProxy;
			fileType = archive.ar;
			path = libRCTBlob.a;
			remoteRef = 9282E99D2490C3AD00C77F5A /* PBXContainerItemProxy */;
			sourceTree = BUILT_PRODUCTS_DIR;
		};
		9282E9A02490C3AD00C77F5A /* libRCTBlob-tvOS.a */ = {
			isa = PBXReferenceProxy;
			fileType = archive.ar;
			path = "libRCTBlob-tvOS.a";
			remoteRef = 9282E99F2490C3AD00C77F5A /* PBXContainerItemProxy */;
			sourceTree = BUILT_PRODUCTS_DIR;
		};
		9282E9A72490C40400C77F5A /* libRCTImage.a */ = {
			isa = PBXReferenceProxy;
			fileType = archive.ar;
			path = libRCTImage.a;
			remoteRef = 9282E9A62490C40400C77F5A /* PBXContainerItemProxy */;
			sourceTree = BUILT_PRODUCTS_DIR;
		};
		9282E9A92490C40400C77F5A /* libRCTImage-tvOS.a */ = {
			isa = PBXReferenceProxy;
			fileType = archive.ar;
			path = "libRCTImage-tvOS.a";
			remoteRef = 9282E9A82490C40400C77F5A /* PBXContainerItemProxy */;
			sourceTree = BUILT_PRODUCTS_DIR;
		};
		9282E9B22490C62600C77F5A /* libRCTAnimation.a */ = {
			isa = PBXReferenceProxy;
			fileType = archive.ar;
			path = libRCTAnimation.a;
			remoteRef = 9282E9B12490C62600C77F5A /* PBXContainerItemProxy */;
			sourceTree = BUILT_PRODUCTS_DIR;
		};
		9282E9B42490C62600C77F5A /* libRCTAnimation.a */ = {
			isa = PBXReferenceProxy;
			fileType = archive.ar;
			path = libRCTAnimation.a;
			remoteRef = 9282E9B32490C62600C77F5A /* PBXContainerItemProxy */;
			sourceTree = BUILT_PRODUCTS_DIR;
		};
		9282E9BA2490C63B00C77F5A /* libRCTActionSheet.a */ = {
			isa = PBXReferenceProxy;
			fileType = archive.ar;
			path = libRCTActionSheet.a;
			remoteRef = 9282E9B92490C63B00C77F5A /* PBXContainerItemProxy */;
			sourceTree = BUILT_PRODUCTS_DIR;
		};
		9282E9C32490C67100C77F5A /* libRCTLinking.a */ = {
			isa = PBXReferenceProxy;
			fileType = archive.ar;
			path = libRCTLinking.a;
			remoteRef = 9282E9C22490C67100C77F5A /* PBXContainerItemProxy */;
			sourceTree = BUILT_PRODUCTS_DIR;
		};
		9282E9C52490C67100C77F5A /* libRCTLinking-tvOS.a */ = {
			isa = PBXReferenceProxy;
			fileType = archive.ar;
			path = "libRCTLinking-tvOS.a";
			remoteRef = 9282E9C42490C67100C77F5A /* PBXContainerItemProxy */;
			sourceTree = BUILT_PRODUCTS_DIR;
		};
		9282E9CC2490C68400C77F5A /* libRCTSettings.a */ = {
			isa = PBXReferenceProxy;
			fileType = archive.ar;
			path = libRCTSettings.a;
			remoteRef = 9282E9CB2490C68400C77F5A /* PBXContainerItemProxy */;
			sourceTree = BUILT_PRODUCTS_DIR;
		};
		9282E9CE2490C68400C77F5A /* libRCTSettings-tvOS.a */ = {
			isa = PBXReferenceProxy;
			fileType = archive.ar;
			path = "libRCTSettings-tvOS.a";
			remoteRef = 9282E9CD2490C68400C77F5A /* PBXContainerItemProxy */;
			sourceTree = BUILT_PRODUCTS_DIR;
		};
		9282EA012490C6B300C77F5A /* libRCTNetwork.a */ = {
			isa = PBXReferenceProxy;
			fileType = archive.ar;
			path = libRCTNetwork.a;
			remoteRef = 9282EA002490C6B300C77F5A /* PBXContainerItemProxy */;
			sourceTree = BUILT_PRODUCTS_DIR;
		};
		9282EA032490C6B300C77F5A /* libRCTNetwork-tvOS.a */ = {
			isa = PBXReferenceProxy;
			fileType = archive.ar;
			path = "libRCTNetwork-tvOS.a";
			remoteRef = 9282EA022490C6B300C77F5A /* PBXContainerItemProxy */;
			sourceTree = BUILT_PRODUCTS_DIR;
		};
		9282EA0E2490C91300C77F5A /* libRCTGeolocation.a */ = {
			isa = PBXReferenceProxy;
			fileType = archive.ar;
			path = libRCTGeolocation.a;
			remoteRef = 9282EA0D2490C91300C77F5A /* PBXContainerItemProxy */;
			sourceTree = BUILT_PRODUCTS_DIR;
		};
		92B9098C2490CCD200CCD89F /* libReact.a */ = {
			isa = PBXReferenceProxy;
			fileType = archive.ar;
			path = libReact.a;
			remoteRef = 92B9098B2490CCD200CCD89F /* PBXContainerItemProxy */;
			sourceTree = BUILT_PRODUCTS_DIR;
		};
		92B9098E2490CCD200CCD89F /* libReact.a */ = {
			isa = PBXReferenceProxy;
			fileType = archive.ar;
			path = libReact.a;
			remoteRef = 92B9098D2490CCD200CCD89F /* PBXContainerItemProxy */;
			sourceTree = BUILT_PRODUCTS_DIR;
		};
		92B909902490CCD200CCD89F /* libyoga.a */ = {
			isa = PBXReferenceProxy;
			fileType = archive.ar;
			path = libyoga.a;
			remoteRef = 92B9098F2490CCD200CCD89F /* PBXContainerItemProxy */;
			sourceTree = BUILT_PRODUCTS_DIR;
		};
		92B909922490CCD200CCD89F /* libyoga.a */ = {
			isa = PBXReferenceProxy;
			fileType = archive.ar;
			path = libyoga.a;
			remoteRef = 92B909912490CCD200CCD89F /* PBXContainerItemProxy */;
			sourceTree = BUILT_PRODUCTS_DIR;
		};
		92B909942490CCD200CCD89F /* libcxxreact.a */ = {
			isa = PBXReferenceProxy;
			fileType = archive.ar;
			path = libcxxreact.a;
			remoteRef = 92B909932490CCD200CCD89F /* PBXContainerItemProxy */;
			sourceTree = BUILT_PRODUCTS_DIR;
		};
		92B909962490CCD200CCD89F /* libcxxreact.a */ = {
			isa = PBXReferenceProxy;
			fileType = archive.ar;
			path = libcxxreact.a;
			remoteRef = 92B909952490CCD200CCD89F /* PBXContainerItemProxy */;
			sourceTree = BUILT_PRODUCTS_DIR;
		};
		92B909982490CCD200CCD89F /* libjsinspector.a */ = {
			isa = PBXReferenceProxy;
			fileType = archive.ar;
			path = libjsinspector.a;
			remoteRef = 92B909972490CCD200CCD89F /* PBXContainerItemProxy */;
			sourceTree = BUILT_PRODUCTS_DIR;
		};
		92B9099A2490CCD200CCD89F /* libjsinspector-tvOS.a */ = {
			isa = PBXReferenceProxy;
			fileType = archive.ar;
			path = "libjsinspector-tvOS.a";
			remoteRef = 92B909992490CCD200CCD89F /* PBXContainerItemProxy */;
			sourceTree = BUILT_PRODUCTS_DIR;
		};
		92B9099C2490CCD200CCD89F /* libthird-party.a */ = {
			isa = PBXReferenceProxy;
			fileType = archive.ar;
			path = "libthird-party.a";
			remoteRef = 92B9099B2490CCD200CCD89F /* PBXContainerItemProxy */;
			sourceTree = BUILT_PRODUCTS_DIR;
		};
		92B9099E2490CCD200CCD89F /* libthird-party.a */ = {
			isa = PBXReferenceProxy;
			fileType = archive.ar;
			path = "libthird-party.a";
			remoteRef = 92B9099D2490CCD200CCD89F /* PBXContainerItemProxy */;
			sourceTree = BUILT_PRODUCTS_DIR;
		};
		92B909A02490CCD200CCD89F /* libdouble-conversion.a */ = {
			isa = PBXReferenceProxy;
			fileType = archive.ar;
			path = "libdouble-conversion.a";
			remoteRef = 92B9099F2490CCD200CCD89F /* PBXContainerItemProxy */;
			sourceTree = BUILT_PRODUCTS_DIR;
		};
		92B909A22490CCD200CCD89F /* libdouble-conversion.a */ = {
			isa = PBXReferenceProxy;
			fileType = archive.ar;
			path = "libdouble-conversion.a";
			remoteRef = 92B909A12490CCD200CCD89F /* PBXContainerItemProxy */;
			sourceTree = BUILT_PRODUCTS_DIR;
		};
		92B909A42490CCD200CCD89F /* libjsi.a */ = {
			isa = PBXReferenceProxy;
			fileType = archive.ar;
			path = libjsi.a;
			remoteRef = 92B909A32490CCD200CCD89F /* PBXContainerItemProxy */;
			sourceTree = BUILT_PRODUCTS_DIR;
		};
		92B909A62490CCD200CCD89F /* libjsiexecutor.a */ = {
			isa = PBXReferenceProxy;
			fileType = archive.ar;
			path = libjsiexecutor.a;
			remoteRef = 92B909A52490CCD200CCD89F /* PBXContainerItemProxy */;
			sourceTree = BUILT_PRODUCTS_DIR;
		};
		92B909A82490CCD200CCD89F /* libjsi-tvOS.a */ = {
			isa = PBXReferenceProxy;
			fileType = archive.ar;
			path = "libjsi-tvOS.a";
			remoteRef = 92B909A72490CCD200CCD89F /* PBXContainerItemProxy */;
			sourceTree = BUILT_PRODUCTS_DIR;
		};
		92B909AA2490CCD200CCD89F /* libjsiexecutor-tvOS.a */ = {
			isa = PBXReferenceProxy;
			fileType = archive.ar;
			path = "libjsiexecutor-tvOS.a";
			remoteRef = 92B909A92490CCD200CCD89F /* PBXContainerItemProxy */;
			sourceTree = BUILT_PRODUCTS_DIR;
		};
/* End PBXReferenceProxy section */

/* Begin PBXResourcesBuildPhase section */
		00E356EC1AD99517003FC87E /* Resources */ = {
			isa = PBXResourcesBuildPhase;
			buildActionMask = 2147483647;
			files = (
			);
			runOnlyForDeploymentPostprocessing = 0;
		};
		13B07F8E1A680F5B00A75B9A /* Resources */ = {
			isa = PBXResourcesBuildPhase;
			buildActionMask = 2147483647;
			files = (
				13B07FBF1A68108700A75B9A /* Images.xcassets in Resources */,
				13B07FBD1A68108700A75B9A /* LaunchScreen.xib in Resources */,
			);
			runOnlyForDeploymentPostprocessing = 0;
		};
/* End PBXResourcesBuildPhase section */

/* Begin PBXShellScriptBuildPhase section */
		00DD1BFF1BD5951E006B06BC /* Bundle React Native code and images */ = {
			isa = PBXShellScriptBuildPhase;
			buildActionMask = 2147483647;
			files = (
			);
			inputPaths = (
			);
			name = "Bundle React Native code and images";
			outputPaths = (
			);
			runOnlyForDeploymentPostprocessing = 0;
			shellPath = /bin/sh;
			shellScript = "export NODE_BINARY=node\n../node_modules/react-native/scripts/react-native-xcode.sh\n";
		};
/* End PBXShellScriptBuildPhase section */

/* Begin PBXSourcesBuildPhase section */
		00E356EA1AD99517003FC87E /* Sources */ = {
			isa = PBXSourcesBuildPhase;
			buildActionMask = 2147483647;
			files = (
				00E356F31AD99517003FC87E /* ACPPlacesMonitorSampleTests.m in Sources */,
			);
			runOnlyForDeploymentPostprocessing = 0;
		};
		13B07F871A680F5B00A75B9A /* Sources */ = {
			isa = PBXSourcesBuildPhase;
			buildActionMask = 2147483647;
			files = (
				13B07FBC1A68108700A75B9A /* AppDelegate.m in Sources */,
				13B07FC11A68108700A75B9A /* main.m in Sources */,
			);
			runOnlyForDeploymentPostprocessing = 0;
		};
/* End PBXSourcesBuildPhase section */

/* Begin PBXTargetDependency section */
		00E356F51AD99517003FC87E /* PBXTargetDependency */ = {
			isa = PBXTargetDependency;
			target = 13B07F861A680F5B00A75B9A /* ACPPlacesMonitorSample */;
			targetProxy = 00E356F41AD99517003FC87E /* PBXContainerItemProxy */;
		};
		92B90A9D24914AF300CCD89F /* PBXTargetDependency */ = {
			isa = PBXTargetDependency;
			name = React;
			targetProxy = 92B90A9C24914AF300CCD89F /* PBXContainerItemProxy */;
		};
/* End PBXTargetDependency section */

/* Begin PBXVariantGroup section */
		13B07FB11A68108700A75B9A /* LaunchScreen.xib */ = {
			isa = PBXVariantGroup;
			children = (
				13B07FB21A68108700A75B9A /* Base */,
			);
			name = LaunchScreen.xib;
			path = ACPPlacesMonitorSample;
			sourceTree = "<group>";
		};
/* End PBXVariantGroup section */

/* Begin XCBuildConfiguration section */
		00E356F61AD99517003FC87E /* Debug */ = {
			isa = XCBuildConfiguration;
			buildSettings = {
				BUNDLE_LOADER = "$(TEST_HOST)";
				GCC_PREPROCESSOR_DEFINITIONS = (
					"DEBUG=1",
					"$(inherited)",
				);
				HEADER_SEARCH_PATHS = (
					"$(inherited)",
					"$(SRCROOT)/../node_modules/@adobe/react-native-acpcore/ios/src/**",
					"$(SRCROOT)/../node_modules/@adobe/react-native-acpplaces-monitor/ios/src/**",
				);
				INFOPLIST_FILE = ACPPlacesMonitorSampleTests/Info.plist;
				IPHONEOS_DEPLOYMENT_TARGET = 9.0;
				LD_RUNPATH_SEARCH_PATHS = "$(inherited) @executable_path/Frameworks @loader_path/Frameworks";
				LIBRARY_SEARCH_PATHS = (
					"$(inherited)",
					"\"$(SRCROOT)/$(TARGET_NAME)\"",
					"\"$(SRCROOT)/$(TARGET_NAME)\"",
				);
				OTHER_LDFLAGS = (
					"-ObjC",
					"-lc++",
					"$(inherited)",
				);
				PRODUCT_BUNDLE_IDENTIFIER = "org.reactjs.native.example.$(PRODUCT_NAME:rfc1034identifier)";
				PRODUCT_NAME = "$(TARGET_NAME)";
				TEST_HOST = "$(BUILT_PRODUCTS_DIR)/ACPPlacesMonitorSample.app/ACPPlacesMonitorSample";
			};
			name = Debug;
		};
		00E356F71AD99517003FC87E /* Release */ = {
			isa = XCBuildConfiguration;
			buildSettings = {
				BUNDLE_LOADER = "$(TEST_HOST)";
				COPY_PHASE_STRIP = NO;
				HEADER_SEARCH_PATHS = (
					"$(inherited)",
					"$(SRCROOT)/../node_modules/@adobe/react-native-acpcore/ios/src/**",
					"$(SRCROOT)/../node_modules/@adobe/react-native-acpplaces-monitor/ios/src/**",
				);
				INFOPLIST_FILE = ACPPlacesMonitorSampleTests/Info.plist;
				IPHONEOS_DEPLOYMENT_TARGET = 9.0;
				LD_RUNPATH_SEARCH_PATHS = "$(inherited) @executable_path/Frameworks @loader_path/Frameworks";
				LIBRARY_SEARCH_PATHS = (
					"$(inherited)",
					"\"$(SRCROOT)/$(TARGET_NAME)\"",
					"\"$(SRCROOT)/$(TARGET_NAME)\"",
				);
				OTHER_LDFLAGS = (
					"-ObjC",
					"-lc++",
					"$(inherited)",
				);
				PRODUCT_BUNDLE_IDENTIFIER = "org.reactjs.native.example.$(PRODUCT_NAME:rfc1034identifier)";
				PRODUCT_NAME = "$(TARGET_NAME)";
				TEST_HOST = "$(BUILT_PRODUCTS_DIR)/ACPPlacesMonitorSample.app/ACPPlacesMonitorSample";
			};
			name = Release;
		};
		13B07F941A680F5B00A75B9A /* Debug */ = {
			isa = XCBuildConfiguration;
			buildSettings = {
				ASSETCATALOG_COMPILER_APPICON_NAME = AppIcon;
				CLANG_ENABLE_MODULES = YES;
				CURRENT_PROJECT_VERSION = 1;
				DEAD_CODE_STRIPPING = NO;
				ENABLE_BITCODE = NO;
				GCC_PREPROCESSOR_DEFINITIONS = (
					"$(inherited)",
					"FB_SONARKIT_ENABLED=1",
				);
				HEADER_SEARCH_PATHS = (
					"$(inherited)",
					"$(SRCROOT)/../node_modules/@adobe/react-native-acpcore/ios/src/**",
					"$(SRCROOT)/../node_modules/@adobe/react-native-acpplaces-monitor/ios/src/**",
				);
				INFOPLIST_FILE = ACPPlacesMonitorSample/Info.plist;
				LD_RUNPATH_SEARCH_PATHS = "$(inherited) @executable_path/Frameworks";
				OTHER_LDFLAGS = (
					"$(inherited)",
					"-ObjC",
					"-lc++",
				);
				PRODUCT_BUNDLE_IDENTIFIER = "org.reactjs.native.example.$(PRODUCT_NAME:rfc1034identifier)";
				PRODUCT_NAME = ACPPlacesMonitorSample;
				VERSIONING_SYSTEM = "apple-generic";
			};
			name = Debug;
		};
		13B07F951A680F5B00A75B9A /* Release */ = {
			isa = XCBuildConfiguration;
			buildSettings = {
				ASSETCATALOG_COMPILER_APPICON_NAME = AppIcon;
				CLANG_ENABLE_MODULES = YES;
				CURRENT_PROJECT_VERSION = 1;
				HEADER_SEARCH_PATHS = (
					"$(inherited)",
					"$(SRCROOT)/../node_modules/@adobe/react-native-acpcore/ios/src/**",
					"$(SRCROOT)/../node_modules/@adobe/react-native-acpplaces-monitor/ios/src/**",
				);
				INFOPLIST_FILE = ACPPlacesMonitorSample/Info.plist;
				LD_RUNPATH_SEARCH_PATHS = "$(inherited) @executable_path/Frameworks";
				OTHER_LDFLAGS = (
					"$(inherited)",
					"-ObjC",
					"-lc++",
				);
				PRODUCT_BUNDLE_IDENTIFIER = "org.reactjs.native.example.$(PRODUCT_NAME:rfc1034identifier)";
				PRODUCT_NAME = ACPPlacesMonitorSample;
				VERSIONING_SYSTEM = "apple-generic";
			};
			name = Release;
		};
		83CBBA201A601CBA00E9B192 /* Debug */ = {
			isa = XCBuildConfiguration;
			buildSettings = {
				ALWAYS_EMBED_SWIFT_STANDARD_LIBRARIES = NO;
				ALWAYS_SEARCH_USER_PATHS = NO;
				CLANG_ANALYZER_LOCALIZABILITY_NONLOCALIZED = YES;
				CLANG_CXX_LANGUAGE_STANDARD = "gnu++0x";
				CLANG_CXX_LIBRARY = "libc++";
				CLANG_ENABLE_MODULES = YES;
				CLANG_ENABLE_OBJC_ARC = YES;
				CLANG_WARN_BLOCK_CAPTURE_AUTORELEASING = YES;
				CLANG_WARN_BOOL_CONVERSION = YES;
				CLANG_WARN_COMMA = YES;
				CLANG_WARN_CONSTANT_CONVERSION = YES;
				CLANG_WARN_DEPRECATED_OBJC_IMPLEMENTATIONS = YES;
				CLANG_WARN_DIRECT_OBJC_ISA_USAGE = YES_ERROR;
				CLANG_WARN_EMPTY_BODY = YES;
				CLANG_WARN_ENUM_CONVERSION = YES;
				CLANG_WARN_INFINITE_RECURSION = YES;
				CLANG_WARN_INT_CONVERSION = YES;
				CLANG_WARN_NON_LITERAL_NULL_CONVERSION = YES;
				CLANG_WARN_OBJC_IMPLICIT_RETAIN_SELF = YES;
				CLANG_WARN_OBJC_LITERAL_CONVERSION = YES;
				CLANG_WARN_OBJC_ROOT_CLASS = YES_ERROR;
				CLANG_WARN_RANGE_LOOP_ANALYSIS = YES;
				CLANG_WARN_STRICT_PROTOTYPES = YES;
				CLANG_WARN_SUSPICIOUS_MOVE = YES;
				CLANG_WARN_UNREACHABLE_CODE = YES;
				CLANG_WARN__DUPLICATE_METHOD_MATCH = YES;
				"CODE_SIGN_IDENTITY[sdk=iphoneos*]" = "iPhone Developer";
				COPY_PHASE_STRIP = NO;
				ENABLE_STRICT_OBJC_MSGSEND = YES;
				ENABLE_TESTABILITY = YES;
				GCC_C_LANGUAGE_STANDARD = gnu99;
				GCC_DYNAMIC_NO_PIC = NO;
				GCC_NO_COMMON_BLOCKS = YES;
				GCC_OPTIMIZATION_LEVEL = 0;
				GCC_PREPROCESSOR_DEFINITIONS = (
					"DEBUG=1",
					"$(inherited)",
				);
				GCC_SYMBOLS_PRIVATE_EXTERN = NO;
				GCC_WARN_64_TO_32_BIT_CONVERSION = YES;
				GCC_WARN_ABOUT_RETURN_TYPE = YES_ERROR;
				GCC_WARN_UNDECLARED_SELECTOR = YES;
				GCC_WARN_UNINITIALIZED_AUTOS = YES_AGGRESSIVE;
				GCC_WARN_UNUSED_FUNCTION = YES;
				GCC_WARN_UNUSED_VARIABLE = YES;
				IPHONEOS_DEPLOYMENT_TARGET = 9.0;
				LD_RUNPATH_SEARCH_PATHS = "/usr/lib/swift $(inherited)";
				LIBRARY_SEARCH_PATHS = "";
				MTL_ENABLE_DEBUG_INFO = YES;
				ONLY_ACTIVE_ARCH = YES;
				SDKROOT = iphoneos;
			};
			name = Debug;
		};
		83CBBA211A601CBA00E9B192 /* Release */ = {
			isa = XCBuildConfiguration;
			buildSettings = {
				ALWAYS_EMBED_SWIFT_STANDARD_LIBRARIES = NO;
				ALWAYS_SEARCH_USER_PATHS = NO;
				CLANG_ANALYZER_LOCALIZABILITY_NONLOCALIZED = YES;
				CLANG_CXX_LANGUAGE_STANDARD = "gnu++0x";
				CLANG_CXX_LIBRARY = "libc++";
				CLANG_ENABLE_MODULES = YES;
				CLANG_ENABLE_OBJC_ARC = YES;
				CLANG_WARN_BLOCK_CAPTURE_AUTORELEASING = YES;
				CLANG_WARN_BOOL_CONVERSION = YES;
				CLANG_WARN_COMMA = YES;
				CLANG_WARN_CONSTANT_CONVERSION = YES;
				CLANG_WARN_DEPRECATED_OBJC_IMPLEMENTATIONS = YES;
				CLANG_WARN_DIRECT_OBJC_ISA_USAGE = YES_ERROR;
				CLANG_WARN_EMPTY_BODY = YES;
				CLANG_WARN_ENUM_CONVERSION = YES;
				CLANG_WARN_INFINITE_RECURSION = YES;
				CLANG_WARN_INT_CONVERSION = YES;
				CLANG_WARN_NON_LITERAL_NULL_CONVERSION = YES;
				CLANG_WARN_OBJC_IMPLICIT_RETAIN_SELF = YES;
				CLANG_WARN_OBJC_LITERAL_CONVERSION = YES;
				CLANG_WARN_OBJC_ROOT_CLASS = YES_ERROR;
				CLANG_WARN_RANGE_LOOP_ANALYSIS = YES;
				CLANG_WARN_STRICT_PROTOTYPES = YES;
				CLANG_WARN_SUSPICIOUS_MOVE = YES;
				CLANG_WARN_UNREACHABLE_CODE = YES;
				CLANG_WARN__DUPLICATE_METHOD_MATCH = YES;
				"CODE_SIGN_IDENTITY[sdk=iphoneos*]" = "iPhone Developer";
				COPY_PHASE_STRIP = YES;
				ENABLE_NS_ASSERTIONS = NO;
				ENABLE_STRICT_OBJC_MSGSEND = YES;
				GCC_C_LANGUAGE_STANDARD = gnu99;
				GCC_NO_COMMON_BLOCKS = YES;
				GCC_WARN_64_TO_32_BIT_CONVERSION = YES;
				GCC_WARN_ABOUT_RETURN_TYPE = YES_ERROR;
				GCC_WARN_UNDECLARED_SELECTOR = YES;
				GCC_WARN_UNINITIALIZED_AUTOS = YES_AGGRESSIVE;
				GCC_WARN_UNUSED_FUNCTION = YES;
				GCC_WARN_UNUSED_VARIABLE = YES;
				IPHONEOS_DEPLOYMENT_TARGET = 9.0;
				LD_RUNPATH_SEARCH_PATHS = "/usr/lib/swift $(inherited)";
				LIBRARY_SEARCH_PATHS = "";
				MTL_ENABLE_DEBUG_INFO = NO;
				SDKROOT = iphoneos;
				VALIDATE_PRODUCT = YES;
			};
			name = Release;
		};
/* End XCBuildConfiguration section */

/* Begin XCConfigurationList section */
		00E357021AD99517003FC87E /* Build configuration list for PBXNativeTarget "ACPPlacesMonitorSampleTests" */ = {
			isa = XCConfigurationList;
			buildConfigurations = (
				00E356F61AD99517003FC87E /* Debug */,
				00E356F71AD99517003FC87E /* Release */,
			);
			defaultConfigurationIsVisible = 0;
			defaultConfigurationName = Release;
		};
		13B07F931A680F5B00A75B9A /* Build configuration list for PBXNativeTarget "ACPPlacesMonitorSample" */ = {
			isa = XCConfigurationList;
			buildConfigurations = (
				13B07F941A680F5B00A75B9A /* Debug */,
				13B07F951A680F5B00A75B9A /* Release */,
			);
			defaultConfigurationIsVisible = 0;
			defaultConfigurationName = Release;
		};
		83CBB9FA1A601CBA00E9B192 /* Build configuration list for PBXProject "ACPPlacesMonitorSample" */ = {
			isa = XCConfigurationList;
			buildConfigurations = (
				83CBBA201A601CBA00E9B192 /* Debug */,
				83CBBA211A601CBA00E9B192 /* Release */,
			);
			defaultConfigurationIsVisible = 0;
			defaultConfigurationName = Release;
		};
/* End XCConfigurationList section */
	};
	rootObject = 83CBB9F71A601CBA00E9B192 /* Project object */;
}
